// !$*UTF8*$!
{
	archiveVersion = 1;
	classes = {
	};
	objectVersion = 56;
	objects = {

/* Begin PBXBuildFile section */
		3400040D2B72A1D8006DD022 /* UploadSecondView.swift in Sources */ = {isa = PBXBuildFile; fileRef = 3400040C2B72A1D8006DD022 /* UploadSecondView.swift */; };
		3400040F2B72A60D006DD022 /* TopBarLeadingArrow.swift in Sources */ = {isa = PBXBuildFile; fileRef = 3400040E2B72A60D006DD022 /* TopBarLeadingArrow.swift */; };
		340004112B72AA45006DD022 /* ContinueRedButton.swift in Sources */ = {isa = PBXBuildFile; fileRef = 340004102B72AA45006DD022 /* ContinueRedButton.swift */; };
		34013B582B6FAAE400D65078 /* FiltersRowView.swift in Sources */ = {isa = PBXBuildFile; fileRef = 34013B572B6FAAE400D65078 /* FiltersRowView.swift */; };
		340631D92B6FD60200D85802 /* Binding.swift in Sources */ = {isa = PBXBuildFile; fileRef = 340631D82B6FD60200D85802 /* Binding.swift */; };
		341A58942B3C99DC00414188 /* HostImageDataService.swift in Sources */ = {isa = PBXBuildFile; fileRef = 341A58932B3C99DC00414188 /* HostImageDataService.swift */; };
		341A58962B3C9B7300414188 /* HostImageViewModel.swift in Sources */ = {isa = PBXBuildFile; fileRef = 341A58952B3C9B7300414188 /* HostImageViewModel.swift */; };
		341A58982B3C9C7C00414188 /* HostImageView.swift in Sources */ = {isa = PBXBuildFile; fileRef = 341A58972B3C9C7C00414188 /* HostImageView.swift */; };
		341A589A2B3C9FAB00414188 /* HostInfoView.swift in Sources */ = {isa = PBXBuildFile; fileRef = 341A58992B3C9FAB00414188 /* HostInfoView.swift */; };
		341FFFC52B936AFE007C0CF7 /* LottieView.swift in Sources */ = {isa = PBXBuildFile; fileRef = 341FFFC42B936AFE007C0CF7 /* LottieView.swift */; };
		342876D92B8764DC008CBDE1 /* TitleTextFieldView.swift in Sources */ = {isa = PBXBuildFile; fileRef = 342876D82B8764DC008CBDE1 /* TitleTextFieldView.swift */; };
		342876DB2B876D47008CBDE1 /* DescriptionTextEditorView.swift in Sources */ = {isa = PBXBuildFile; fileRef = 342876DA2B876D47008CBDE1 /* DescriptionTextEditorView.swift */; };
		342876DF2B87C051008CBDE1 /* PriceHStack.swift in Sources */ = {isa = PBXBuildFile; fileRef = 342876DE2B87C051008CBDE1 /* PriceHStack.swift */; };
		342FB6A82B654E5300611B25 /* XLImageDataService.swift in Sources */ = {isa = PBXBuildFile; fileRef = 342FB6A72B654E5300611B25 /* XLImageDataService.swift */; };
		342FB6AB2B65501000611B25 /* XLImageViewModel.swift in Sources */ = {isa = PBXBuildFile; fileRef = 342FB6AA2B65501000611B25 /* XLImageViewModel.swift */; };
		342FB6AD2B65569000611B25 /* XLImageView.swift in Sources */ = {isa = PBXBuildFile; fileRef = 342FB6AC2B65568F00611B25 /* XLImageView.swift */; };
		343374052B5304EB001A5144 /* ApartmentInfoView.swift in Sources */ = {isa = PBXBuildFile; fileRef = 343374042B5304EB001A5144 /* ApartmentInfoView.swift */; };
		343EE7072B39A95400F1E548 /* ImagesSlider.swift in Sources */ = {isa = PBXBuildFile; fileRef = 343EE7062B39A95400F1E548 /* ImagesSlider.swift */; };
		3447218E2B7FC91C00D37E28 /* PhotosPickerView.swift in Sources */ = {isa = PBXBuildFile; fileRef = 3447218D2B7FC91C00D37E28 /* PhotosPickerView.swift */; };
		344D46552C18A77A001E74B0 /* FieldFocused.swift in Sources */ = {isa = PBXBuildFile; fileRef = 344D46542C18A77A001E74B0 /* FieldFocused.swift */; };
		344DC5182B277D6100481B0E /* CustomAirbnbApp.swift in Sources */ = {isa = PBXBuildFile; fileRef = 344DC5172B277D6100481B0E /* CustomAirbnbApp.swift */; };
		344DC51A2B277D6100481B0E /* HomeView.swift in Sources */ = {isa = PBXBuildFile; fileRef = 344DC5192B277D6100481B0E /* HomeView.swift */; };
		344DC51C2B277D6400481B0E /* Assets.xcassets in Resources */ = {isa = PBXBuildFile; fileRef = 344DC51B2B277D6400481B0E /* Assets.xcassets */; };
		344DC51F2B277D6400481B0E /* Preview Assets.xcassets in Resources */ = {isa = PBXBuildFile; fileRef = 344DC51E2B277D6400481B0E /* Preview Assets.xcassets */; };
		344DC5282B277F4700481B0E /* Color.swift in Sources */ = {isa = PBXBuildFile; fileRef = 344DC5272B277F4700481B0E /* Color.swift */; };
		344DC52E2B2780FF00481B0E /* Listing.swift in Sources */ = {isa = PBXBuildFile; fileRef = 344DC52D2B2780FF00481B0E /* Listing.swift */; };
		346DEBE82B4AF2400090BD27 /* CircleButtonView.swift in Sources */ = {isa = PBXBuildFile; fileRef = 346DEBE72B4AF2400090BD27 /* CircleButtonView.swift */; };
		346DEBEA2B4AF3150090BD27 /* CircleButtonAnimationView.swift in Sources */ = {isa = PBXBuildFile; fileRef = 346DEBE92B4AF3150090BD27 /* CircleButtonAnimationView.swift */; };
		346EBF292B93433400E606DA /* HeartAnimation.json in Resources */ = {isa = PBXBuildFile; fileRef = 346EBF282B93433400E606DA /* HeartAnimation.json */; };
		346EBF2D2B9343A000E606DA /* Lottie in Frameworks */ = {isa = PBXBuildFile; productRef = 346EBF2C2B9343A000E606DA /* Lottie */; };
		347BADFE2B9371BC00F0CFFF /* hearts.json in Resources */ = {isa = PBXBuildFile; fileRef = 347BADFD2B9371BC00F0CFFF /* hearts.json */; };
		347BAE012B93982F00F0CFFF /* Vortex in Frameworks */ = {isa = PBXBuildFile; productRef = 347BAE002B93982F00F0CFFF /* Vortex */; };
		347BAE042B939AEA00F0CFFF /* LaunchView.swift in Sources */ = {isa = PBXBuildFile; fileRef = 347BAE032B939AEA00F0CFFF /* LaunchView.swift */; };
		347E60C22B41AC7E00A86FDD /* ReportReason.swift in Sources */ = {isa = PBXBuildFile; fileRef = 347E60C12B41AC7E00A86FDD /* ReportReason.swift */; };
		348603472B55AE6D0064C51D /* RedDivider.swift in Sources */ = {isa = PBXBuildFile; fileRef = 348603462B55AE6D0064C51D /* RedDivider.swift */; };
		348680A72B6420B500E0D95A /* FullScreenImageView.swift in Sources */ = {isa = PBXBuildFile; fileRef = 348680A62B6420B500E0D95A /* FullScreenImageView.swift */; };
		348A57512B385202007FBB9B /* DetailView.swift in Sources */ = {isa = PBXBuildFile; fileRef = 348A57502B385202007FBB9B /* DetailView.swift */; };
		348A57532B3852DD007FBB9B /* DetailViewModel.swift in Sources */ = {isa = PBXBuildFile; fileRef = 348A57522B3852DD007FBB9B /* DetailViewModel.swift */; };
		348A87482B4ACF7300BBDF4D /* SearchBarView.swift in Sources */ = {isa = PBXBuildFile; fileRef = 348A87472B4ACF7300BBDF4D /* SearchBarView.swift */; };
		348A874A2B4ACFD300BBDF4D /* UIApplication.swift in Sources */ = {isa = PBXBuildFile; fileRef = 348A87492B4ACFD300BBDF4D /* UIApplication.swift */; };
		349575512B6D39D500DC4643 /* City.swift in Sources */ = {isa = PBXBuildFile; fileRef = 349575502B6D39D500DC4643 /* City.swift */; };
		349575532B6D3EE100DC4643 /* InfoView.swift in Sources */ = {isa = PBXBuildFile; fileRef = 349575522B6D3EE100DC4643 /* InfoView.swift */; };
		349575552B6D3F0100DC4643 /* UploadFirstView.swift in Sources */ = {isa = PBXBuildFile; fileRef = 349575542B6D3F0100DC4643 /* UploadFirstView.swift */; };
		349588DB2B3F3B9900B55884 /* Double.swift in Sources */ = {isa = PBXBuildFile; fileRef = 349588DA2B3F3B9900B55884 /* Double.swift */; };
		349588DD2B3F40BF00B55884 /* ListingGridView.swift in Sources */ = {isa = PBXBuildFile; fileRef = 349588DC2B3F40BF00B55884 /* ListingGridView.swift */; };
		3496955C2B8A0AEF003C0A59 /* GuestsBedsHStack.swift in Sources */ = {isa = PBXBuildFile; fileRef = 3496955B2B8A0AEF003C0A59 /* GuestsBedsHStack.swift */; };
		3496955E2B8A0F24003C0A59 /* UploadThirdViewDeletionButton.swift in Sources */ = {isa = PBXBuildFile; fileRef = 3496955D2B8A0F24003C0A59 /* UploadThirdViewDeletionButton.swift */; };
		349695602B8A1393003C0A59 /* IntegerVStackWithTextField.swift in Sources */ = {isa = PBXBuildFile; fileRef = 3496955F2B8A1393003C0A59 /* IntegerVStackWithTextField.swift */; };
		349695622B8A15D4003C0A59 /* RoomsHStack.swift in Sources */ = {isa = PBXBuildFile; fileRef = 349695612B8A15D4003C0A59 /* RoomsHStack.swift */; };
		349695642B8A1CF8003C0A59 /* View.swift in Sources */ = {isa = PBXBuildFile; fileRef = 349695632B8A1CF8003C0A59 /* View.swift */; };
		34A1EFEF2B34AD2400E1F948 /* LocalFileManager.swift in Sources */ = {isa = PBXBuildFile; fileRef = 34A1EFEE2B34AD2400E1F948 /* LocalFileManager.swift */; };
		34A1EFF12B34AE3300E1F948 /* ListingImageViewModel.swift in Sources */ = {isa = PBXBuildFile; fileRef = 34A1EFF02B34AE3300E1F948 /* ListingImageViewModel.swift */; };
		34B4E5452B54245E00FDE7E4 /* BookView.swift in Sources */ = {isa = PBXBuildFile; fileRef = 34B4E5442B54245D00FDE7E4 /* BookView.swift */; };
		34B4E5492B542F2800FDE7E4 /* DismissXButton.swift in Sources */ = {isa = PBXBuildFile; fileRef = 34B4E5482B542F2800FDE7E4 /* DismissXButton.swift */; };
		34B635A22B681513007D980F /* ImageType.swift in Sources */ = {isa = PBXBuildFile; fileRef = 34B635A12B681513007D980F /* ImageType.swift */; };
		34B635A52B681D13007D980F /* FrameRectTen.swift in Sources */ = {isa = PBXBuildFile; fileRef = 34B635A42B681D13007D980F /* FrameRectTen.swift */; };
		34B661F42B4C6D11006ABA26 /* FavoritesContainer.xcdatamodeld in Sources */ = {isa = PBXBuildFile; fileRef = 34B661F22B4C6D11006ABA26 /* FavoritesContainer.xcdatamodeld */; };
		34B661F62B4C6DB4006ABA26 /* FavoritesDataService.swift in Sources */ = {isa = PBXBuildFile; fileRef = 34B661F52B4C6DB4006ABA26 /* FavoritesDataService.swift */; };
		34B8CBC12B320E700051985E /* ListingImageView.swift in Sources */ = {isa = PBXBuildFile; fileRef = 34B8CBC02B320E700051985E /* ListingImageView.swift */; };
		34B8CBC32B320F6C0051985E /* ListingImageDataService.swift in Sources */ = {isa = PBXBuildFile; fileRef = 34B8CBC22B320F6C0051985E /* ListingImageDataService.swift */; };
		34BFC35D2B78E9FD0071659E /* UploadThirdView.swift in Sources */ = {isa = PBXBuildFile; fileRef = 34BFC35C2B78E9FD0071659E /* UploadThirdView.swift */; };
		34C7181C2C08E1990029FD4A /* NewApiStubs.swift in Sources */ = {isa = PBXBuildFile; fileRef = 34C7181B2C08E1990029FD4A /* NewApiStubs.swift */; };
		34C980CC2B851E1C004D478A /* ImagePickerView.swift in Sources */ = {isa = PBXBuildFile; fileRef = 34C980CB2B851E1C004D478A /* ImagePickerView.swift */; };
		34C9E05C2B71551E0019CDC5 /* UploadViewModel.swift in Sources */ = {isa = PBXBuildFile; fileRef = 34C9E05B2B71551E0019CDC5 /* UploadViewModel.swift */; };
		34D358182B40625100255E11 /* ReportView.swift in Sources */ = {isa = PBXBuildFile; fileRef = 34D358172B40625100255E11 /* ReportView.swift */; };
		34D3581A2B4098F800255E11 /* ReportRowView.swift in Sources */ = {isa = PBXBuildFile; fileRef = 34D358192B4098F800255E11 /* ReportRowView.swift */; };
		34E05C3C2B6BDDC500146F73 /* FiltersView.swift in Sources */ = {isa = PBXBuildFile; fileRef = 34E05C3B2B6BDDC500146F73 /* FiltersView.swift */; };
		34E7BBE02B2786040043D7FA /* ListingsResponse.swift in Sources */ = {isa = PBXBuildFile; fileRef = 34E7BBDF2B2786040043D7FA /* ListingsResponse.swift */; };
		34E8B08B2B5C3C390043B979 /* ConfirmationRectangle.swift in Sources */ = {isa = PBXBuildFile; fileRef = 34E8B08A2B5C3C390043B979 /* ConfirmationRectangle.swift */; };
		34EBC6D92B6E795000AC68C5 /* SortOption.swift in Sources */ = {isa = PBXBuildFile; fileRef = 34EBC6D82B6E795000AC68C5 /* SortOption.swift */; };
		34F063A72B30B646003966B9 /* NetworkManager.swift in Sources */ = {isa = PBXBuildFile; fileRef = 34F063A62B30B646003966B9 /* NetworkManager.swift */; };
		34F063AA2B30B69F003966B9 /* ListingDataService.swift in Sources */ = {isa = PBXBuildFile; fileRef = 34F063A92B30B69F003966B9 /* ListingDataService.swift */; };
		34F063AC2B30B90D003966B9 /* HomeViewModel.swift in Sources */ = {isa = PBXBuildFile; fileRef = 34F063AB2B30B90D003966B9 /* HomeViewModel.swift */; };
		34F063AE2B30BFFB003966B9 /* ListingRowView.swift in Sources */ = {isa = PBXBuildFile; fileRef = 34F063AD2B30BFFB003966B9 /* ListingRowView.swift */; };
		34F063B02B30C041003966B9 /* PreviewProvider.swift in Sources */ = {isa = PBXBuildFile; fileRef = 34F063AF2B30C040003966B9 /* PreviewProvider.swift */; };
		34F440352B3DED69004D581A /* ListingDescriptionView.swift in Sources */ = {isa = PBXBuildFile; fileRef = 34F440342B3DED69004D581A /* ListingDescriptionView.swift */; };
/* End PBXBuildFile section */

/* Begin PBXFileReference section */
		3400040C2B72A1D8006DD022 /* UploadSecondView.swift */ = {isa = PBXFileReference; lastKnownFileType = sourcecode.swift; path = UploadSecondView.swift; sourceTree = "<group>"; };
		3400040E2B72A60D006DD022 /* TopBarLeadingArrow.swift */ = {isa = PBXFileReference; lastKnownFileType = sourcecode.swift; path = TopBarLeadingArrow.swift; sourceTree = "<group>"; };
		340004102B72AA45006DD022 /* ContinueRedButton.swift */ = {isa = PBXFileReference; lastKnownFileType = sourcecode.swift; path = ContinueRedButton.swift; sourceTree = "<group>"; };
		34013B572B6FAAE400D65078 /* FiltersRowView.swift */ = {isa = PBXFileReference; lastKnownFileType = sourcecode.swift; path = FiltersRowView.swift; sourceTree = "<group>"; };
		340631D82B6FD60200D85802 /* Binding.swift */ = {isa = PBXFileReference; lastKnownFileType = sourcecode.swift; path = Binding.swift; sourceTree = "<group>"; };
		341A58932B3C99DC00414188 /* HostImageDataService.swift */ = {isa = PBXFileReference; lastKnownFileType = sourcecode.swift; path = HostImageDataService.swift; sourceTree = "<group>"; };
		341A58952B3C9B7300414188 /* HostImageViewModel.swift */ = {isa = PBXFileReference; lastKnownFileType = sourcecode.swift; path = HostImageViewModel.swift; sourceTree = "<group>"; };
		341A58972B3C9C7C00414188 /* HostImageView.swift */ = {isa = PBXFileReference; lastKnownFileType = sourcecode.swift; path = HostImageView.swift; sourceTree = "<group>"; };
		341A58992B3C9FAB00414188 /* HostInfoView.swift */ = {isa = PBXFileReference; lastKnownFileType = sourcecode.swift; path = HostInfoView.swift; sourceTree = "<group>"; };
		341FFFC42B936AFE007C0CF7 /* LottieView.swift */ = {isa = PBXFileReference; lastKnownFileType = sourcecode.swift; path = LottieView.swift; sourceTree = "<group>"; };
		342876D82B8764DC008CBDE1 /* TitleTextFieldView.swift */ = {isa = PBXFileReference; lastKnownFileType = sourcecode.swift; path = TitleTextFieldView.swift; sourceTree = "<group>"; };
		342876DA2B876D47008CBDE1 /* DescriptionTextEditorView.swift */ = {isa = PBXFileReference; lastKnownFileType = sourcecode.swift; path = DescriptionTextEditorView.swift; sourceTree = "<group>"; };
		342876DE2B87C051008CBDE1 /* PriceHStack.swift */ = {isa = PBXFileReference; lastKnownFileType = sourcecode.swift; path = PriceHStack.swift; sourceTree = "<group>"; };
		342FB6A72B654E5300611B25 /* XLImageDataService.swift */ = {isa = PBXFileReference; lastKnownFileType = sourcecode.swift; path = XLImageDataService.swift; sourceTree = "<group>"; };
		342FB6AA2B65501000611B25 /* XLImageViewModel.swift */ = {isa = PBXFileReference; lastKnownFileType = sourcecode.swift; path = XLImageViewModel.swift; sourceTree = "<group>"; };
		342FB6AC2B65568F00611B25 /* XLImageView.swift */ = {isa = PBXFileReference; lastKnownFileType = sourcecode.swift; path = XLImageView.swift; sourceTree = "<group>"; };
		343374042B5304EB001A5144 /* ApartmentInfoView.swift */ = {isa = PBXFileReference; lastKnownFileType = sourcecode.swift; path = ApartmentInfoView.swift; sourceTree = "<group>"; };
		343EE7062B39A95400F1E548 /* ImagesSlider.swift */ = {isa = PBXFileReference; lastKnownFileType = sourcecode.swift; path = ImagesSlider.swift; sourceTree = "<group>"; };
		3447218D2B7FC91C00D37E28 /* PhotosPickerView.swift */ = {isa = PBXFileReference; lastKnownFileType = sourcecode.swift; path = PhotosPickerView.swift; sourceTree = "<group>"; };
		344D46542C18A77A001E74B0 /* FieldFocused.swift */ = {isa = PBXFileReference; lastKnownFileType = sourcecode.swift; path = FieldFocused.swift; sourceTree = "<group>"; };
		344DC5142B277D6100481B0E /* CustomAirbnb.app */ = {isa = PBXFileReference; explicitFileType = wrapper.application; includeInIndex = 0; path = CustomAirbnb.app; sourceTree = BUILT_PRODUCTS_DIR; };
		344DC5172B277D6100481B0E /* CustomAirbnbApp.swift */ = {isa = PBXFileReference; lastKnownFileType = sourcecode.swift; path = CustomAirbnbApp.swift; sourceTree = "<group>"; };
		344DC5192B277D6100481B0E /* HomeView.swift */ = {isa = PBXFileReference; lastKnownFileType = sourcecode.swift; path = HomeView.swift; sourceTree = "<group>"; };
		344DC51B2B277D6400481B0E /* Assets.xcassets */ = {isa = PBXFileReference; lastKnownFileType = folder.assetcatalog; path = Assets.xcassets; sourceTree = "<group>"; };
		344DC51E2B277D6400481B0E /* Preview Assets.xcassets */ = {isa = PBXFileReference; lastKnownFileType = folder.assetcatalog; path = "Preview Assets.xcassets"; sourceTree = "<group>"; };
		344DC5272B277F4700481B0E /* Color.swift */ = {isa = PBXFileReference; lastKnownFileType = sourcecode.swift; path = Color.swift; sourceTree = "<group>"; };
		344DC52D2B2780FF00481B0E /* Listing.swift */ = {isa = PBXFileReference; lastKnownFileType = sourcecode.swift; path = Listing.swift; sourceTree = "<group>"; };
		346DEBE72B4AF2400090BD27 /* CircleButtonView.swift */ = {isa = PBXFileReference; lastKnownFileType = sourcecode.swift; path = CircleButtonView.swift; sourceTree = "<group>"; };
		346DEBE92B4AF3150090BD27 /* CircleButtonAnimationView.swift */ = {isa = PBXFileReference; lastKnownFileType = sourcecode.swift; path = CircleButtonAnimationView.swift; sourceTree = "<group>"; };
		346EBF282B93433400E606DA /* HeartAnimation.json */ = {isa = PBXFileReference; fileEncoding = 4; lastKnownFileType = text.json; path = HeartAnimation.json; sourceTree = "<group>"; };
		347BADFD2B9371BC00F0CFFF /* hearts.json */ = {isa = PBXFileReference; fileEncoding = 4; lastKnownFileType = text.json; path = hearts.json; sourceTree = "<group>"; };
		347BAE032B939AEA00F0CFFF /* LaunchView.swift */ = {isa = PBXFileReference; lastKnownFileType = sourcecode.swift; path = LaunchView.swift; sourceTree = "<group>"; };
		347E60C12B41AC7E00A86FDD /* ReportReason.swift */ = {isa = PBXFileReference; lastKnownFileType = sourcecode.swift; path = ReportReason.swift; sourceTree = "<group>"; };
		348603462B55AE6D0064C51D /* RedDivider.swift */ = {isa = PBXFileReference; lastKnownFileType = sourcecode.swift; path = RedDivider.swift; sourceTree = "<group>"; };
		348680A62B6420B500E0D95A /* FullScreenImageView.swift */ = {isa = PBXFileReference; lastKnownFileType = sourcecode.swift; path = FullScreenImageView.swift; sourceTree = "<group>"; };
		348A57502B385202007FBB9B /* DetailView.swift */ = {isa = PBXFileReference; lastKnownFileType = sourcecode.swift; path = DetailView.swift; sourceTree = "<group>"; };
		348A57522B3852DD007FBB9B /* DetailViewModel.swift */ = {isa = PBXFileReference; lastKnownFileType = sourcecode.swift; path = DetailViewModel.swift; sourceTree = "<group>"; };
		348A87472B4ACF7300BBDF4D /* SearchBarView.swift */ = {isa = PBXFileReference; lastKnownFileType = sourcecode.swift; path = SearchBarView.swift; sourceTree = "<group>"; };
		348A87492B4ACFD300BBDF4D /* UIApplication.swift */ = {isa = PBXFileReference; lastKnownFileType = sourcecode.swift; path = UIApplication.swift; sourceTree = "<group>"; };
		349575502B6D39D500DC4643 /* City.swift */ = {isa = PBXFileReference; lastKnownFileType = sourcecode.swift; path = City.swift; sourceTree = "<group>"; };
		349575522B6D3EE100DC4643 /* InfoView.swift */ = {isa = PBXFileReference; lastKnownFileType = sourcecode.swift; path = InfoView.swift; sourceTree = "<group>"; };
		349575542B6D3F0100DC4643 /* UploadFirstView.swift */ = {isa = PBXFileReference; lastKnownFileType = sourcecode.swift; path = UploadFirstView.swift; sourceTree = "<group>"; };
		349588DA2B3F3B9900B55884 /* Double.swift */ = {isa = PBXFileReference; lastKnownFileType = sourcecode.swift; path = Double.swift; sourceTree = "<group>"; };
		349588DC2B3F40BF00B55884 /* ListingGridView.swift */ = {isa = PBXFileReference; lastKnownFileType = sourcecode.swift; path = ListingGridView.swift; sourceTree = "<group>"; };
		3496955B2B8A0AEF003C0A59 /* GuestsBedsHStack.swift */ = {isa = PBXFileReference; lastKnownFileType = sourcecode.swift; path = GuestsBedsHStack.swift; sourceTree = "<group>"; };
		3496955D2B8A0F24003C0A59 /* UploadThirdViewDeletionButton.swift */ = {isa = PBXFileReference; lastKnownFileType = sourcecode.swift; path = UploadThirdViewDeletionButton.swift; sourceTree = "<group>"; };
		3496955F2B8A1393003C0A59 /* IntegerVStackWithTextField.swift */ = {isa = PBXFileReference; lastKnownFileType = sourcecode.swift; path = IntegerVStackWithTextField.swift; sourceTree = "<group>"; };
		349695612B8A15D4003C0A59 /* RoomsHStack.swift */ = {isa = PBXFileReference; lastKnownFileType = sourcecode.swift; path = RoomsHStack.swift; sourceTree = "<group>"; };
		349695632B8A1CF8003C0A59 /* View.swift */ = {isa = PBXFileReference; lastKnownFileType = sourcecode.swift; path = View.swift; sourceTree = "<group>"; };
		34A1EFEE2B34AD2400E1F948 /* LocalFileManager.swift */ = {isa = PBXFileReference; lastKnownFileType = sourcecode.swift; path = LocalFileManager.swift; sourceTree = "<group>"; };
		34A1EFF02B34AE3300E1F948 /* ListingImageViewModel.swift */ = {isa = PBXFileReference; lastKnownFileType = sourcecode.swift; path = ListingImageViewModel.swift; sourceTree = "<group>"; };
		34B4E5442B54245D00FDE7E4 /* BookView.swift */ = {isa = PBXFileReference; lastKnownFileType = sourcecode.swift; path = BookView.swift; sourceTree = "<group>"; };
		34B4E5482B542F2800FDE7E4 /* DismissXButton.swift */ = {isa = PBXFileReference; lastKnownFileType = sourcecode.swift; path = DismissXButton.swift; sourceTree = "<group>"; };
		34B635A12B681513007D980F /* ImageType.swift */ = {isa = PBXFileReference; lastKnownFileType = sourcecode.swift; path = ImageType.swift; sourceTree = "<group>"; };
		34B635A42B681D13007D980F /* FrameRectTen.swift */ = {isa = PBXFileReference; lastKnownFileType = sourcecode.swift; path = FrameRectTen.swift; sourceTree = "<group>"; };
		34B661F32B4C6D11006ABA26 /* FavoritesContainer.xcdatamodel */ = {isa = PBXFileReference; lastKnownFileType = wrapper.xcdatamodel; path = FavoritesContainer.xcdatamodel; sourceTree = "<group>"; };
		34B661F52B4C6DB4006ABA26 /* FavoritesDataService.swift */ = {isa = PBXFileReference; lastKnownFileType = sourcecode.swift; path = FavoritesDataService.swift; sourceTree = "<group>"; };
		34B8CBC02B320E700051985E /* ListingImageView.swift */ = {isa = PBXFileReference; lastKnownFileType = sourcecode.swift; path = ListingImageView.swift; sourceTree = "<group>"; };
		34B8CBC22B320F6C0051985E /* ListingImageDataService.swift */ = {isa = PBXFileReference; lastKnownFileType = sourcecode.swift; path = ListingImageDataService.swift; sourceTree = "<group>"; };
		34BFC35C2B78E9FD0071659E /* UploadThirdView.swift */ = {isa = PBXFileReference; lastKnownFileType = sourcecode.swift; path = UploadThirdView.swift; sourceTree = "<group>"; };
		34C7181B2C08E1990029FD4A /* NewApiStubs.swift */ = {isa = PBXFileReference; lastKnownFileType = sourcecode.swift; path = NewApiStubs.swift; sourceTree = "<group>"; };
		34C980CB2B851E1C004D478A /* ImagePickerView.swift */ = {isa = PBXFileReference; lastKnownFileType = sourcecode.swift; path = ImagePickerView.swift; sourceTree = "<group>"; };
		34C9E05B2B71551E0019CDC5 /* UploadViewModel.swift */ = {isa = PBXFileReference; lastKnownFileType = sourcecode.swift; path = UploadViewModel.swift; sourceTree = "<group>"; };
		34D358172B40625100255E11 /* ReportView.swift */ = {isa = PBXFileReference; lastKnownFileType = sourcecode.swift; path = ReportView.swift; sourceTree = "<group>"; };
		34D358192B4098F800255E11 /* ReportRowView.swift */ = {isa = PBXFileReference; lastKnownFileType = sourcecode.swift; path = ReportRowView.swift; sourceTree = "<group>"; };
		34E05C3B2B6BDDC500146F73 /* FiltersView.swift */ = {isa = PBXFileReference; lastKnownFileType = sourcecode.swift; path = FiltersView.swift; sourceTree = "<group>"; };
		34E7BBDF2B2786040043D7FA /* ListingsResponse.swift */ = {isa = PBXFileReference; lastKnownFileType = sourcecode.swift; path = ListingsResponse.swift; sourceTree = "<group>"; };
		34E8B08A2B5C3C390043B979 /* ConfirmationRectangle.swift */ = {isa = PBXFileReference; lastKnownFileType = sourcecode.swift; path = ConfirmationRectangle.swift; sourceTree = "<group>"; };
		34EBC6D82B6E795000AC68C5 /* SortOption.swift */ = {isa = PBXFileReference; lastKnownFileType = sourcecode.swift; path = SortOption.swift; sourceTree = "<group>"; };
		34F063A62B30B646003966B9 /* NetworkManager.swift */ = {isa = PBXFileReference; lastKnownFileType = sourcecode.swift; path = NetworkManager.swift; sourceTree = "<group>"; };
		34F063A92B30B69F003966B9 /* ListingDataService.swift */ = {isa = PBXFileReference; lastKnownFileType = sourcecode.swift; path = ListingDataService.swift; sourceTree = "<group>"; };
		34F063AB2B30B90D003966B9 /* HomeViewModel.swift */ = {isa = PBXFileReference; lastKnownFileType = sourcecode.swift; path = HomeViewModel.swift; sourceTree = "<group>"; };
		34F063AD2B30BFFB003966B9 /* ListingRowView.swift */ = {isa = PBXFileReference; lastKnownFileType = sourcecode.swift; path = ListingRowView.swift; sourceTree = "<group>"; };
		34F063AF2B30C040003966B9 /* PreviewProvider.swift */ = {isa = PBXFileReference; lastKnownFileType = sourcecode.swift; path = PreviewProvider.swift; sourceTree = "<group>"; };
		34F440342B3DED69004D581A /* ListingDescriptionView.swift */ = {isa = PBXFileReference; lastKnownFileType = sourcecode.swift; path = ListingDescriptionView.swift; sourceTree = "<group>"; };
/* End PBXFileReference section */

/* Begin PBXFrameworksBuildPhase section */
		344DC5112B277D6100481B0E /* Frameworks */ = {
			isa = PBXFrameworksBuildPhase;
			buildActionMask = 2147483647;
			files = (
				347BAE012B93982F00F0CFFF /* Vortex in Frameworks */,
				346EBF2D2B9343A000E606DA /* Lottie in Frameworks */,
			);
			runOnlyForDeploymentPostprocessing = 0;
		};
/* End PBXFrameworksBuildPhase section */

/* Begin PBXGroup section */
		342FB6A92B654FED00611B25 /* XLImage */ = {
			isa = PBXGroup;
			children = (
				342FB6AA2B65501000611B25 /* XLImageViewModel.swift */,
				342FB6AC2B65568F00611B25 /* XLImageView.swift */,
			);
			path = XLImage;
			sourceTree = "<group>";
		};
		344DC50B2B277D6100481B0E = {
			isa = PBXGroup;
			children = (
				344DC5162B277D6100481B0E /* CustomAirbnb */,
				344DC5152B277D6100481B0E /* Products */,
			);
			sourceTree = "<group>";
		};
		344DC5152B277D6100481B0E /* Products */ = {
			isa = PBXGroup;
			children = (
				344DC5142B277D6100481B0E /* CustomAirbnb.app */,
			);
			name = Products;
			sourceTree = "<group>";
		};
		344DC5162B277D6100481B0E /* CustomAirbnb */ = {
			isa = PBXGroup;
			children = (
				344DC5172B277D6100481B0E /* CustomAirbnbApp.swift */,
				34EBC6D72B6E793900AC68C5 /* Enums */,
				34B635A02B6814FB007D980F /* Protocols */,
				34C980CA2B851DEC004D478A /* UIViewControllerRepresentable */,
				34F063A52B30B633003966B9 /* Utilities */,
				34B635A32B681CE6007D980F /* ViewModifiers */,
				344DC5262B277F3400481B0E /* Extensions */,
				34F063A82B30B670003966B9 /* Services */,
				344DC52C2B27806F00481B0E /* Models */,
				344DC52A2B27803800481B0E /* Core */,
				344DC51B2B277D6400481B0E /* Assets.xcassets */,
				346EBF2A2B93434400E606DA /* Lottie */,
				344DC51D2B277D6400481B0E /* Preview Content */,
			);
			path = CustomAirbnb;
			sourceTree = "<group>";
		};
		344DC51D2B277D6400481B0E /* Preview Content */ = {
			isa = PBXGroup;
			children = (
				344DC51E2B277D6400481B0E /* Preview Assets.xcassets */,
			);
			path = "Preview Content";
			sourceTree = "<group>";
		};
		344DC5252B277DBD00481B0E /* Views */ = {
			isa = PBXGroup;
			children = (
				344DC5192B277D6100481B0E /* HomeView.swift */,
				34013B572B6FAAE400D65078 /* FiltersRowView.swift */,
				34F063AD2B30BFFB003966B9 /* ListingRowView.swift */,
			);
			path = Views;
			sourceTree = "<group>";
		};
		344DC5262B277F3400481B0E /* Extensions */ = {
			isa = PBXGroup;
			children = (
				340631D82B6FD60200D85802 /* Binding.swift */,
				344DC5272B277F4700481B0E /* Color.swift */,
				349588DA2B3F3B9900B55884 /* Double.swift */,
				34F063AF2B30C040003966B9 /* PreviewProvider.swift */,
				348A87492B4ACFD300BBDF4D /* UIApplication.swift */,
				349695632B8A1CF8003C0A59 /* View.swift */,
			);
			path = Extensions;
			sourceTree = "<group>";
		};
		344DC5292B27800700481B0E /* Home */ = {
			isa = PBXGroup;
			children = (
				344DC52B2B27805E00481B0E /* ViewModel */,
				344DC5252B277DBD00481B0E /* Views */,
			);
			path = Home;
			sourceTree = "<group>";
		};
		344DC52A2B27803800481B0E /* Core */ = {
			isa = PBXGroup;
			children = (
				34B8CBBF2B320E570051985E /* Components */,
				347BAE022B939AD200F0CFFF /* Launch */,
				344DC5292B27800700481B0E /* Home */,
				348A574D2B38519F007FBB9B /* Detail */,
				3495754C2B6D385C00DC4643 /* Info */,
				34E05C392B6BDD9600146F73 /* Filters */,
				3495754D2B6D387D00DC4643 /* Upload */,
			);
			path = Core;
			sourceTree = "<group>";
		};
		344DC52B2B27805E00481B0E /* ViewModel */ = {
			isa = PBXGroup;
			children = (
				34F063AB2B30B90D003966B9 /* HomeViewModel.swift */,
			);
			path = ViewModel;
			sourceTree = "<group>";
		};
		344DC52C2B27806F00481B0E /* Models */ = {
			isa = PBXGroup;
			children = (
				349575502B6D39D500DC4643 /* City.swift */,
				344DC52D2B2780FF00481B0E /* Listing.swift */,
				34E7BBDF2B2786040043D7FA /* ListingsResponse.swift */,
				34C7181B2C08E1990029FD4A /* NewApiStubs.swift */,
				347E60C12B41AC7E00A86FDD /* ReportReason.swift */,
				34B661F22B4C6D11006ABA26 /* FavoritesContainer.xcdatamodeld */,
			);
			path = Models;
			sourceTree = "<group>";
		};
		3457FCA62B8905EF0077585F /* ThirdViewViews */ = {
			isa = PBXGroup;
			children = (
				3447218D2B7FC91C00D37E28 /* PhotosPickerView.swift */,
				342876D82B8764DC008CBDE1 /* TitleTextFieldView.swift */,
				342876DA2B876D47008CBDE1 /* DescriptionTextEditorView.swift */,
				342876DE2B87C051008CBDE1 /* PriceHStack.swift */,
				3496955B2B8A0AEF003C0A59 /* GuestsBedsHStack.swift */,
				349695612B8A15D4003C0A59 /* RoomsHStack.swift */,
				3496955F2B8A1393003C0A59 /* IntegerVStackWithTextField.swift */,
				3496955D2B8A0F24003C0A59 /* UploadThirdViewDeletionButton.swift */,
			);
			path = ThirdViewViews;
			sourceTree = "<group>";
		};
		346DEBE62B4AF2290090BD27 /* CircleButton */ = {
			isa = PBXGroup;
			children = (
				346DEBE92B4AF3150090BD27 /* CircleButtonAnimationView.swift */,
				346DEBE72B4AF2400090BD27 /* CircleButtonView.swift */,
			);
			path = CircleButton;
			sourceTree = "<group>";
		};
		346EBF2A2B93434400E606DA /* Lottie */ = {
			isa = PBXGroup;
			children = (
				347BADFD2B9371BC00F0CFFF /* hearts.json */,
				346EBF282B93433400E606DA /* HeartAnimation.json */,
			);
			path = Lottie;
			sourceTree = "<group>";
		};
		347BAE022B939AD200F0CFFF /* Launch */ = {
			isa = PBXGroup;
			children = (
				347BAE032B939AEA00F0CFFF /* LaunchView.swift */,
			);
			path = Launch;
			sourceTree = "<group>";
		};
		348A574D2B38519F007FBB9B /* Detail */ = {
			isa = PBXGroup;
			children = (
				348A574E2B3851DD007FBB9B /* ViewModel */,
				348A574F2B3851EE007FBB9B /* Views */,
				34D358162B40620E00255E11 /* ButtonViews */,
			);
			path = Detail;
			sourceTree = "<group>";
		};
		348A574E2B3851DD007FBB9B /* ViewModel */ = {
			isa = PBXGroup;
			children = (
				348A57522B3852DD007FBB9B /* DetailViewModel.swift */,
			);
			path = ViewModel;
			sourceTree = "<group>";
		};
		348A574F2B3851EE007FBB9B /* Views */ = {
			isa = PBXGroup;
			children = (
				348A57502B385202007FBB9B /* DetailView.swift */,
				343EE7062B39A95400F1E548 /* ImagesSlider.swift */,
				343374042B5304EB001A5144 /* ApartmentInfoView.swift */,
				341A58992B3C9FAB00414188 /* HostInfoView.swift */,
				34F440342B3DED69004D581A /* ListingDescriptionView.swift */,
				349588DC2B3F40BF00B55884 /* ListingGridView.swift */,
			);
			path = Views;
			sourceTree = "<group>";
		};
		3495754C2B6D385C00DC4643 /* Info */ = {
			isa = PBXGroup;
			children = (
				3495754E2B6D38A900DC4643 /* Views */,
			);
			path = Info;
			sourceTree = "<group>";
		};
		3495754D2B6D387D00DC4643 /* Upload */ = {
			isa = PBXGroup;
			children = (
				34C9E05A2B71550B0019CDC5 /* UploadViewModel */,
				3495754F2B6D38B000DC4643 /* Views */,
			);
			path = Upload;
			sourceTree = "<group>";
		};
		3495754E2B6D38A900DC4643 /* Views */ = {
			isa = PBXGroup;
			children = (
				349575522B6D3EE100DC4643 /* InfoView.swift */,
			);
			path = Views;
			sourceTree = "<group>";
		};
		3495754F2B6D38B000DC4643 /* Views */ = {
			isa = PBXGroup;
			children = (
				349575542B6D3F0100DC4643 /* UploadFirstView.swift */,
				3400040C2B72A1D8006DD022 /* UploadSecondView.swift */,
				34BFC35C2B78E9FD0071659E /* UploadThirdView.swift */,
				3457FCA62B8905EF0077585F /* ThirdViewViews */,
			);
			path = Views;
			sourceTree = "<group>";
		};
		34B635A02B6814FB007D980F /* Protocols */ = {
			isa = PBXGroup;
			children = (
				34B635A12B681513007D980F /* ImageType.swift */,
			);
			path = Protocols;
			sourceTree = "<group>";
		};
		34B635A32B681CE6007D980F /* ViewModifiers */ = {
			isa = PBXGroup;
			children = (
				34B635A42B681D13007D980F /* FrameRectTen.swift */,
			);
			path = ViewModifiers;
			sourceTree = "<group>";
		};
		34B762932B39DCB300B026AA /* ListingImage */ = {
			isa = PBXGroup;
			children = (
				34A1EFF02B34AE3300E1F948 /* ListingImageViewModel.swift */,
				34B8CBC02B320E700051985E /* ListingImageView.swift */,
			);
			path = ListingImage;
			sourceTree = "<group>";
		};
		34B762942B39DD2F00B026AA /* HostImage */ = {
			isa = PBXGroup;
			children = (
				341A58952B3C9B7300414188 /* HostImageViewModel.swift */,
				341A58972B3C9C7C00414188 /* HostImageView.swift */,
			);
			path = HostImage;
			sourceTree = "<group>";
		};
		34B8CBBF2B320E570051985E /* Components */ = {
			isa = PBXGroup;
			children = (
				346DEBE62B4AF2290090BD27 /* CircleButton */,
				34B762932B39DCB300B026AA /* ListingImage */,
				34B762942B39DD2F00B026AA /* HostImage */,
				342FB6A92B654FED00611B25 /* XLImage */,
				34E8B08A2B5C3C390043B979 /* ConfirmationRectangle.swift */,
				340004102B72AA45006DD022 /* ContinueRedButton.swift */,
				34B4E5482B542F2800FDE7E4 /* DismissXButton.swift */,
				341FFFC42B936AFE007C0CF7 /* LottieView.swift */,
				348603462B55AE6D0064C51D /* RedDivider.swift */,
				348A87472B4ACF7300BBDF4D /* SearchBarView.swift */,
				3400040E2B72A60D006DD022 /* TopBarLeadingArrow.swift */,
			);
			path = Components;
			sourceTree = "<group>";
		};
		34C980CA2B851DEC004D478A /* UIViewControllerRepresentable */ = {
			isa = PBXGroup;
			children = (
				34C980CB2B851E1C004D478A /* ImagePickerView.swift */,
			);
			path = UIViewControllerRepresentable;
			sourceTree = "<group>";
		};
		34C9E05A2B71550B0019CDC5 /* UploadViewModel */ = {
			isa = PBXGroup;
			children = (
				34C9E05B2B71551E0019CDC5 /* UploadViewModel.swift */,
			);
			path = UploadViewModel;
			sourceTree = "<group>";
		};
		34D358162B40620E00255E11 /* ButtonViews */ = {
			isa = PBXGroup;
			children = (
				34B4E5442B54245D00FDE7E4 /* BookView.swift */,
				348680A62B6420B500E0D95A /* FullScreenImageView.swift */,
				34D358172B40625100255E11 /* ReportView.swift */,
				34D358192B4098F800255E11 /* ReportRowView.swift */,
			);
			path = ButtonViews;
			sourceTree = "<group>";
		};
		34E05C392B6BDD9600146F73 /* Filters */ = {
			isa = PBXGroup;
			children = (
				34E05C3A2B6BDDB400146F73 /* Views */,
			);
			path = Filters;
			sourceTree = "<group>";
		};
		34E05C3A2B6BDDB400146F73 /* Views */ = {
			isa = PBXGroup;
			children = (
				34E05C3B2B6BDDC500146F73 /* FiltersView.swift */,
			);
			path = Views;
			sourceTree = "<group>";
		};
		34EBC6D72B6E793900AC68C5 /* Enums */ = {
			isa = PBXGroup;
			children = (
				34EBC6D82B6E795000AC68C5 /* SortOption.swift */,
				344D46542C18A77A001E74B0 /* FieldFocused.swift */,
			);
			path = Enums;
			sourceTree = "<group>";
		};
		34F063A52B30B633003966B9 /* Utilities */ = {
			isa = PBXGroup;
			children = (
				34A1EFEE2B34AD2400E1F948 /* LocalFileManager.swift */,
				34F063A62B30B646003966B9 /* NetworkManager.swift */,
			);
			path = Utilities;
			sourceTree = "<group>";
		};
		34F063A82B30B670003966B9 /* Services */ = {
			isa = PBXGroup;
			children = (
				341A58932B3C99DC00414188 /* HostImageDataService.swift */,
				34B661F52B4C6DB4006ABA26 /* FavoritesDataService.swift */,
				34F063A92B30B69F003966B9 /* ListingDataService.swift */,
				34B8CBC22B320F6C0051985E /* ListingImageDataService.swift */,
				342FB6A72B654E5300611B25 /* XLImageDataService.swift */,
			);
			path = Services;
			sourceTree = "<group>";
		};
/* End PBXGroup section */

/* Begin PBXNativeTarget section */
		344DC5132B277D6100481B0E /* CustomAirbnb */ = {
			isa = PBXNativeTarget;
			buildConfigurationList = 344DC5222B277D6400481B0E /* Build configuration list for PBXNativeTarget "CustomAirbnb" */;
			buildPhases = (
				344DC5102B277D6100481B0E /* Sources */,
				344DC5112B277D6100481B0E /* Frameworks */,
				344DC5122B277D6100481B0E /* Resources */,
			);
			buildRules = (
			);
			dependencies = (
			);
			name = CustomAirbnb;
			packageProductDependencies = (
				346EBF2C2B9343A000E606DA /* Lottie */,
				347BAE002B93982F00F0CFFF /* Vortex */,
			);
			productName = CustomAirbnb;
			productReference = 344DC5142B277D6100481B0E /* CustomAirbnb.app */;
			productType = "com.apple.product-type.application";
		};
/* End PBXNativeTarget section */

/* Begin PBXProject section */
		344DC50C2B277D6100481B0E /* Project object */ = {
			isa = PBXProject;
			attributes = {
				BuildIndependentTargetsInParallel = 1;
				LastSwiftUpdateCheck = 1430;
				LastUpgradeCheck = 1430;
				TargetAttributes = {
					344DC5132B277D6100481B0E = {
						CreatedOnToolsVersion = 14.3.1;
					};
				};
			};
			buildConfigurationList = 344DC50F2B277D6100481B0E /* Build configuration list for PBXProject "CustomAirbnb" */;
			compatibilityVersion = "Xcode 14.0";
			developmentRegion = en;
			hasScannedForEncodings = 0;
			knownRegions = (
				en,
				Base,
			);
			mainGroup = 344DC50B2B277D6100481B0E;
			packageReferences = (
				346EBF2B2B9343A000E606DA /* XCRemoteSwiftPackageReference "lottie-spm" */,
				347BADFF2B93982F00F0CFFF /* XCRemoteSwiftPackageReference "Vortex" */,
			);
			productRefGroup = 344DC5152B277D6100481B0E /* Products */;
			projectDirPath = "";
			projectRoot = "";
			targets = (
				344DC5132B277D6100481B0E /* CustomAirbnb */,
			);
		};
/* End PBXProject section */

/* Begin PBXResourcesBuildPhase section */
		344DC5122B277D6100481B0E /* Resources */ = {
			isa = PBXResourcesBuildPhase;
			buildActionMask = 2147483647;
			files = (
				344DC51F2B277D6400481B0E /* Preview Assets.xcassets in Resources */,
				346EBF292B93433400E606DA /* HeartAnimation.json in Resources */,
				347BADFE2B9371BC00F0CFFF /* hearts.json in Resources */,
				344DC51C2B277D6400481B0E /* Assets.xcassets in Resources */,
			);
			runOnlyForDeploymentPostprocessing = 0;
		};
/* End PBXResourcesBuildPhase section */

/* Begin PBXSourcesBuildPhase section */
		344DC5102B277D6100481B0E /* Sources */ = {
			isa = PBXSourcesBuildPhase;
			buildActionMask = 2147483647;
			files = (
				34B8CBC32B320F6C0051985E /* ListingImageDataService.swift in Sources */,
				34E05C3C2B6BDDC500146F73 /* FiltersView.swift in Sources */,
				34A1EFEF2B34AD2400E1F948 /* LocalFileManager.swift in Sources */,
				347E60C22B41AC7E00A86FDD /* ReportReason.swift in Sources */,
				349575512B6D39D500DC4643 /* City.swift in Sources */,
				347BAE042B939AEA00F0CFFF /* LaunchView.swift in Sources */,
				341A58982B3C9C7C00414188 /* HostImageView.swift in Sources */,
				341A58962B3C9B7300414188 /* HostImageViewModel.swift in Sources */,
				341A589A2B3C9FAB00414188 /* HostInfoView.swift in Sources */,
				34F063A72B30B646003966B9 /* NetworkManager.swift in Sources */,
				34C7181C2C08E1990029FD4A /* NewApiStubs.swift in Sources */,
				344DC51A2B277D6100481B0E /* HomeView.swift in Sources */,
				34E8B08B2B5C3C390043B979 /* ConfirmationRectangle.swift in Sources */,
				344DC5282B277F4700481B0E /* Color.swift in Sources */,
				34F440352B3DED69004D581A /* ListingDescriptionView.swift in Sources */,
				342876DF2B87C051008CBDE1 /* PriceHStack.swift in Sources */,
				343EE7072B39A95400F1E548 /* ImagesSlider.swift in Sources */,
				34F063AC2B30B90D003966B9 /* HomeViewModel.swift in Sources */,
				349588DB2B3F3B9900B55884 /* Double.swift in Sources */,
				34B661F42B4C6D11006ABA26 /* FavoritesContainer.xcdatamodeld in Sources */,
				344DC52E2B2780FF00481B0E /* Listing.swift in Sources */,
				34A1EFF12B34AE3300E1F948 /* ListingImageViewModel.swift in Sources */,
				341FFFC52B936AFE007C0CF7 /* LottieView.swift in Sources */,
				349695642B8A1CF8003C0A59 /* View.swift in Sources */,
				341A58942B3C99DC00414188 /* HostImageDataService.swift in Sources */,
				344D46552C18A77A001E74B0 /* FieldFocused.swift in Sources */,
				349575532B6D3EE100DC4643 /* InfoView.swift in Sources */,
				3496955C2B8A0AEF003C0A59 /* GuestsBedsHStack.swift in Sources */,
				3447218E2B7FC91C00D37E28 /* PhotosPickerView.swift in Sources */,
				34C9E05C2B71551E0019CDC5 /* UploadViewModel.swift in Sources */,
				343374052B5304EB001A5144 /* ApartmentInfoView.swift in Sources */,
				34B635A22B681513007D980F /* ImageType.swift in Sources */,
				34F063AA2B30B69F003966B9 /* ListingDataService.swift in Sources */,
				34013B582B6FAAE400D65078 /* FiltersRowView.swift in Sources */,
				34B4E5492B542F2800FDE7E4 /* DismissXButton.swift in Sources */,
				34BFC35D2B78E9FD0071659E /* UploadThirdView.swift in Sources */,
				34B4E5452B54245E00FDE7E4 /* BookView.swift in Sources */,
				34B8CBC12B320E700051985E /* ListingImageView.swift in Sources */,
				340631D92B6FD60200D85802 /* Binding.swift in Sources */,
				349575552B6D3F0100DC4643 /* UploadFirstView.swift in Sources */,
				346DEBE82B4AF2400090BD27 /* CircleButtonView.swift in Sources */,
				342FB6A82B654E5300611B25 /* XLImageDataService.swift in Sources */,
				34F063AE2B30BFFB003966B9 /* ListingRowView.swift in Sources */,
				34D358182B40625100255E11 /* ReportView.swift in Sources */,
				34E7BBE02B2786040043D7FA /* ListingsResponse.swift in Sources */,
				346DEBEA2B4AF3150090BD27 /* CircleButtonAnimationView.swift in Sources */,
				342876D92B8764DC008CBDE1 /* TitleTextFieldView.swift in Sources */,
				344DC5182B277D6100481B0E /* CustomAirbnbApp.swift in Sources */,
				348603472B55AE6D0064C51D /* RedDivider.swift in Sources */,
				348A874A2B4ACFD300BBDF4D /* UIApplication.swift in Sources */,
				34B635A52B681D13007D980F /* FrameRectTen.swift in Sources */,
				3400040D2B72A1D8006DD022 /* UploadSecondView.swift in Sources */,
				3400040F2B72A60D006DD022 /* TopBarLeadingArrow.swift in Sources */,
				342FB6AD2B65569000611B25 /* XLImageView.swift in Sources */,
				340004112B72AA45006DD022 /* ContinueRedButton.swift in Sources */,
				349695602B8A1393003C0A59 /* IntegerVStackWithTextField.swift in Sources */,
				3496955E2B8A0F24003C0A59 /* UploadThirdViewDeletionButton.swift in Sources */,
				348A57512B385202007FBB9B /* DetailView.swift in Sources */,
				342FB6AB2B65501000611B25 /* XLImageViewModel.swift in Sources */,
				349588DD2B3F40BF00B55884 /* ListingGridView.swift in Sources */,
				34EBC6D92B6E795000AC68C5 /* SortOption.swift in Sources */,
				348680A72B6420B500E0D95A /* FullScreenImageView.swift in Sources */,
				342876DB2B876D47008CBDE1 /* DescriptionTextEditorView.swift in Sources */,
				34C980CC2B851E1C004D478A /* ImagePickerView.swift in Sources */,
				349695622B8A15D4003C0A59 /* RoomsHStack.swift in Sources */,
				348A87482B4ACF7300BBDF4D /* SearchBarView.swift in Sources */,
				34F063B02B30C041003966B9 /* PreviewProvider.swift in Sources */,
				34B661F62B4C6DB4006ABA26 /* FavoritesDataService.swift in Sources */,
				348A57532B3852DD007FBB9B /* DetailViewModel.swift in Sources */,
				34D3581A2B4098F800255E11 /* ReportRowView.swift in Sources */,
			);
			runOnlyForDeploymentPostprocessing = 0;
		};
/* End PBXSourcesBuildPhase section */

/* Begin XCBuildConfiguration section */
		344DC5202B277D6400481B0E /* Debug */ = {
			isa = XCBuildConfiguration;
			buildSettings = {
				ALWAYS_SEARCH_USER_PATHS = NO;
				CLANG_ANALYZER_NONNULL = YES;
				CLANG_ANALYZER_NUMBER_OBJECT_CONVERSION = YES_AGGRESSIVE;
				CLANG_CXX_LANGUAGE_STANDARD = "gnu++20";
				CLANG_ENABLE_MODULES = YES;
				CLANG_ENABLE_OBJC_ARC = YES;
				CLANG_ENABLE_OBJC_WEAK = YES;
				CLANG_WARN_BLOCK_CAPTURE_AUTORELEASING = YES;
				CLANG_WARN_BOOL_CONVERSION = YES;
				CLANG_WARN_COMMA = YES;
				CLANG_WARN_CONSTANT_CONVERSION = YES;
				CLANG_WARN_DEPRECATED_OBJC_IMPLEMENTATIONS = YES;
				CLANG_WARN_DIRECT_OBJC_ISA_USAGE = YES_ERROR;
				CLANG_WARN_DOCUMENTATION_COMMENTS = YES;
				CLANG_WARN_EMPTY_BODY = YES;
				CLANG_WARN_ENUM_CONVERSION = YES;
				CLANG_WARN_INFINITE_RECURSION = YES;
				CLANG_WARN_INT_CONVERSION = YES;
				CLANG_WARN_NON_LITERAL_NULL_CONVERSION = YES;
				CLANG_WARN_OBJC_IMPLICIT_RETAIN_SELF = YES;
				CLANG_WARN_OBJC_LITERAL_CONVERSION = YES;
				CLANG_WARN_OBJC_ROOT_CLASS = YES_ERROR;
				CLANG_WARN_QUOTED_INCLUDE_IN_FRAMEWORK_HEADER = YES;
				CLANG_WARN_RANGE_LOOP_ANALYSIS = YES;
				CLANG_WARN_STRICT_PROTOTYPES = YES;
				CLANG_WARN_SUSPICIOUS_MOVE = YES;
				CLANG_WARN_UNGUARDED_AVAILABILITY = YES_AGGRESSIVE;
				CLANG_WARN_UNREACHABLE_CODE = YES;
				CLANG_WARN__DUPLICATE_METHOD_MATCH = YES;
				COPY_PHASE_STRIP = NO;
				DEBUG_INFORMATION_FORMAT = dwarf;
				ENABLE_STRICT_OBJC_MSGSEND = YES;
				ENABLE_TESTABILITY = YES;
				GCC_C_LANGUAGE_STANDARD = gnu11;
				GCC_DYNAMIC_NO_PIC = NO;
				GCC_NO_COMMON_BLOCKS = YES;
				GCC_OPTIMIZATION_LEVEL = 0;
				GCC_PREPROCESSOR_DEFINITIONS = (
					"DEBUG=1",
					"$(inherited)",
				);
				GCC_WARN_64_TO_32_BIT_CONVERSION = YES;
				GCC_WARN_ABOUT_RETURN_TYPE = YES_ERROR;
				GCC_WARN_UNDECLARED_SELECTOR = YES;
				GCC_WARN_UNINITIALIZED_AUTOS = YES_AGGRESSIVE;
				GCC_WARN_UNUSED_FUNCTION = YES;
				GCC_WARN_UNUSED_VARIABLE = YES;
				IPHONEOS_DEPLOYMENT_TARGET = 17.0;
				MTL_ENABLE_DEBUG_INFO = INCLUDE_SOURCE;
				MTL_FAST_MATH = YES;
				ONLY_ACTIVE_ARCH = YES;
				SDKROOT = iphoneos;
				SWIFT_ACTIVE_COMPILATION_CONDITIONS = DEBUG;
				SWIFT_OPTIMIZATION_LEVEL = "-Onone";
			};
			name = Debug;
		};
		344DC5212B277D6400481B0E /* Release */ = {
			isa = XCBuildConfiguration;
			buildSettings = {
				ALWAYS_SEARCH_USER_PATHS = NO;
				CLANG_ANALYZER_NONNULL = YES;
				CLANG_ANALYZER_NUMBER_OBJECT_CONVERSION = YES_AGGRESSIVE;
				CLANG_CXX_LANGUAGE_STANDARD = "gnu++20";
				CLANG_ENABLE_MODULES = YES;
				CLANG_ENABLE_OBJC_ARC = YES;
				CLANG_ENABLE_OBJC_WEAK = YES;
				CLANG_WARN_BLOCK_CAPTURE_AUTORELEASING = YES;
				CLANG_WARN_BOOL_CONVERSION = YES;
				CLANG_WARN_COMMA = YES;
				CLANG_WARN_CONSTANT_CONVERSION = YES;
				CLANG_WARN_DEPRECATED_OBJC_IMPLEMENTATIONS = YES;
				CLANG_WARN_DIRECT_OBJC_ISA_USAGE = YES_ERROR;
				CLANG_WARN_DOCUMENTATION_COMMENTS = YES;
				CLANG_WARN_EMPTY_BODY = YES;
				CLANG_WARN_ENUM_CONVERSION = YES;
				CLANG_WARN_INFINITE_RECURSION = YES;
				CLANG_WARN_INT_CONVERSION = YES;
				CLANG_WARN_NON_LITERAL_NULL_CONVERSION = YES;
				CLANG_WARN_OBJC_IMPLICIT_RETAIN_SELF = YES;
				CLANG_WARN_OBJC_LITERAL_CONVERSION = YES;
				CLANG_WARN_OBJC_ROOT_CLASS = YES_ERROR;
				CLANG_WARN_QUOTED_INCLUDE_IN_FRAMEWORK_HEADER = YES;
				CLANG_WARN_RANGE_LOOP_ANALYSIS = YES;
				CLANG_WARN_STRICT_PROTOTYPES = YES;
				CLANG_WARN_SUSPICIOUS_MOVE = YES;
				CLANG_WARN_UNGUARDED_AVAILABILITY = YES_AGGRESSIVE;
				CLANG_WARN_UNREACHABLE_CODE = YES;
				CLANG_WARN__DUPLICATE_METHOD_MATCH = YES;
				COPY_PHASE_STRIP = NO;
				DEBUG_INFORMATION_FORMAT = "dwarf-with-dsym";
				ENABLE_NS_ASSERTIONS = NO;
				ENABLE_STRICT_OBJC_MSGSEND = YES;
				GCC_C_LANGUAGE_STANDARD = gnu11;
				GCC_NO_COMMON_BLOCKS = YES;
				GCC_WARN_64_TO_32_BIT_CONVERSION = YES;
				GCC_WARN_ABOUT_RETURN_TYPE = YES_ERROR;
				GCC_WARN_UNDECLARED_SELECTOR = YES;
				GCC_WARN_UNINITIALIZED_AUTOS = YES_AGGRESSIVE;
				GCC_WARN_UNUSED_FUNCTION = YES;
				GCC_WARN_UNUSED_VARIABLE = YES;
				IPHONEOS_DEPLOYMENT_TARGET = 17.0;
				MTL_ENABLE_DEBUG_INFO = NO;
				MTL_FAST_MATH = YES;
				SDKROOT = iphoneos;
				SWIFT_COMPILATION_MODE = wholemodule;
				SWIFT_OPTIMIZATION_LEVEL = "-O";
				VALIDATE_PRODUCT = YES;
			};
			name = Release;
		};
		344DC5232B277D6400481B0E /* Debug */ = {
			isa = XCBuildConfiguration;
			buildSettings = {
				ASSETCATALOG_COMPILER_APPICON_NAME = AppIcon;
				ASSETCATALOG_COMPILER_GLOBAL_ACCENT_COLOR_NAME = AccentColor;
				CODE_SIGN_STYLE = Automatic;
				CURRENT_PROJECT_VERSION = 1;
				DEVELOPMENT_ASSET_PATHS = "\"CustomAirbnb/Preview Content\"";
				DEVELOPMENT_TEAM = 4XAMG487KR;
				ENABLE_PREVIEWS = YES;
				GENERATE_INFOPLIST_FILE = YES;
				INFOPLIST_KEY_UIApplicationSceneManifest_Generation = YES;
				INFOPLIST_KEY_UIApplicationSupportsIndirectInputEvents = YES;
				INFOPLIST_KEY_UILaunchScreen_Generation = YES;
				INFOPLIST_KEY_UISupportedInterfaceOrientations = UIInterfaceOrientationPortrait;
				INFOPLIST_KEY_UISupportedInterfaceOrientations_iPad = "UIInterfaceOrientationPortrait UIInterfaceOrientationPortraitUpsideDown";
				LD_RUNPATH_SEARCH_PATHS = (
					"$(inherited)",
					"@executable_path/Frameworks",
				);
				MARKETING_VERSION = 1.0;
				PRODUCT_BUNDLE_IDENTIFIER = com.quarantasis.CustomAirbnb;
				PRODUCT_NAME = "$(TARGET_NAME)";
				SUPPORTED_PLATFORMS = "iphoneos iphonesimulator";
				SUPPORTS_MACCATALYST = NO;
				SUPPORTS_MAC_DESIGNED_FOR_IPHONE_IPAD = NO;
				SWIFT_EMIT_LOC_STRINGS = YES;
				SWIFT_VERSION = 5.0;
				TARGETED_DEVICE_FAMILY = 1;
			};
			name = Debug;
		};
		344DC5242B277D6400481B0E /* Release */ = {
			isa = XCBuildConfiguration;
			buildSettings = {
				ASSETCATALOG_COMPILER_APPICON_NAME = AppIcon;
				ASSETCATALOG_COMPILER_GLOBAL_ACCENT_COLOR_NAME = AccentColor;
				CODE_SIGN_STYLE = Automatic;
				CURRENT_PROJECT_VERSION = 1;
				DEVELOPMENT_ASSET_PATHS = "\"CustomAirbnb/Preview Content\"";
				DEVELOPMENT_TEAM = 4XAMG487KR;
				ENABLE_PREVIEWS = YES;
				GENERATE_INFOPLIST_FILE = YES;
				INFOPLIST_KEY_UIApplicationSceneManifest_Generation = YES;
				INFOPLIST_KEY_UIApplicationSupportsIndirectInputEvents = YES;
				INFOPLIST_KEY_UILaunchScreen_Generation = YES;
				INFOPLIST_KEY_UISupportedInterfaceOrientations = UIInterfaceOrientationPortrait;
				INFOPLIST_KEY_UISupportedInterfaceOrientations_iPad = "UIInterfaceOrientationPortrait UIInterfaceOrientationPortraitUpsideDown";
				LD_RUNPATH_SEARCH_PATHS = (
					"$(inherited)",
					"@executable_path/Frameworks",
				);
				MARKETING_VERSION = 1.0;
				PRODUCT_BUNDLE_IDENTIFIER = com.quarantasis.CustomAirbnb;
				PRODUCT_NAME = "$(TARGET_NAME)";
				SUPPORTED_PLATFORMS = "iphoneos iphonesimulator";
				SUPPORTS_MACCATALYST = NO;
				SUPPORTS_MAC_DESIGNED_FOR_IPHONE_IPAD = NO;
				SWIFT_EMIT_LOC_STRINGS = YES;
				SWIFT_VERSION = 5.0;
				TARGETED_DEVICE_FAMILY = 1;
			};
			name = Release;
		};
/* End XCBuildConfiguration section */

/* Begin XCConfigurationList section */
		344DC50F2B277D6100481B0E /* Build configuration list for PBXProject "CustomAirbnb" */ = {
			isa = XCConfigurationList;
			buildConfigurations = (
				344DC5202B277D6400481B0E /* Debug */,
				344DC5212B277D6400481B0E /* Release */,
			);
			defaultConfigurationIsVisible = 0;
			defaultConfigurationName = Release;
		};
		344DC5222B277D6400481B0E /* Build configuration list for PBXNativeTarget "CustomAirbnb" */ = {
			isa = XCConfigurationList;
			buildConfigurations = (
				344DC5232B277D6400481B0E /* Debug */,
				344DC5242B277D6400481B0E /* Release */,
			);
			defaultConfigurationIsVisible = 0;
			defaultConfigurationName = Release;
		};
/* End XCConfigurationList section */

/* Begin XCRemoteSwiftPackageReference section */
		346EBF2B2B9343A000E606DA /* XCRemoteSwiftPackageReference "lottie-spm" */ = {
			isa = XCRemoteSwiftPackageReference;
			repositoryURL = "https://github.com/airbnb/lottie-spm.git";
			requirement = {
				kind = upToNextMajorVersion;
				minimumVersion = 4.4.1;
			};
		};
		347BADFF2B93982F00F0CFFF /* XCRemoteSwiftPackageReference "Vortex" */ = {
			isa = XCRemoteSwiftPackageReference;
			repositoryURL = "https://github.com/twostraws/Vortex";
			requirement = {
				kind = upToNextMajorVersion;
				minimumVersion = 1.0.0;
			};
		};
/* End XCRemoteSwiftPackageReference section */

/* Begin XCSwiftPackageProductDependency section */
		346EBF2C2B9343A000E606DA /* Lottie */ = {
			isa = XCSwiftPackageProductDependency;
			package = 346EBF2B2B9343A000E606DA /* XCRemoteSwiftPackageReference "lottie-spm" */;
			productName = Lottie;
		};
		347BAE002B93982F00F0CFFF /* Vortex */ = {
			isa = XCSwiftPackageProductDependency;
			package = 347BADFF2B93982F00F0CFFF /* XCRemoteSwiftPackageReference "Vortex" */;
			productName = Vortex;
		};
/* End XCSwiftPackageProductDependency section */

/* Begin XCVersionGroup section */
		34B661F22B4C6D11006ABA26 /* FavoritesContainer.xcdatamodeld */ = {
			isa = XCVersionGroup;
			children = (
				34B661F32B4C6D11006ABA26 /* FavoritesContainer.xcdatamodel */,
			);
			currentVersion = 34B661F32B4C6D11006ABA26 /* FavoritesContainer.xcdatamodel */;
			path = FavoritesContainer.xcdatamodeld;
			sourceTree = "<group>";
			versionGroupType = wrapper.xcdatamodel;
		};
/* End XCVersionGroup section */
	};
	rootObject = 344DC50C2B277D6100481B0E /* Project object */;
}
