// !$*UTF8*$!
{
	archiveVersion = 1;
	classes = {
	};
	objectVersion = 56;
	objects = {

/* Begin PBXBuildFile section */
		341A58942B3C99DC00414188 /* HostImageDataService.swift in Sources */ = {isa = PBXBuildFile; fileRef = 341A58932B3C99DC00414188 /* HostImageDataService.swift */; };
		341A58962B3C9B7300414188 /* HostImageViewModel.swift in Sources */ = {isa = PBXBuildFile; fileRef = 341A58952B3C9B7300414188 /* HostImageViewModel.swift */; };
		341A58982B3C9C7C00414188 /* HostImageView.swift in Sources */ = {isa = PBXBuildFile; fileRef = 341A58972B3C9C7C00414188 /* HostImageView.swift */; };
		341A589A2B3C9FAB00414188 /* HostInfoView.swift in Sources */ = {isa = PBXBuildFile; fileRef = 341A58992B3C9FAB00414188 /* HostInfoView.swift */; };
		342FB6A82B654E5300611B25 /* XLImageDataService.swift in Sources */ = {isa = PBXBuildFile; fileRef = 342FB6A72B654E5300611B25 /* XLImageDataService.swift */; };
		342FB6AB2B65501000611B25 /* XLImageViewModel.swift in Sources */ = {isa = PBXBuildFile; fileRef = 342FB6AA2B65501000611B25 /* XLImageViewModel.swift */; };
		342FB6AD2B65569000611B25 /* XLImageView.swift in Sources */ = {isa = PBXBuildFile; fileRef = 342FB6AC2B65568F00611B25 /* XLImageView.swift */; };
		343374052B5304EB001A5144 /* ApartmentInfoView.swift in Sources */ = {isa = PBXBuildFile; fileRef = 343374042B5304EB001A5144 /* ApartmentInfoView.swift */; };
		343EE7072B39A95400F1E548 /* ImagesSlider.swift in Sources */ = {isa = PBXBuildFile; fileRef = 343EE7062B39A95400F1E548 /* ImagesSlider.swift */; };
		344DC5182B277D6100481B0E /* CustomAirbnbApp.swift in Sources */ = {isa = PBXBuildFile; fileRef = 344DC5172B277D6100481B0E /* CustomAirbnbApp.swift */; };
		344DC51A2B277D6100481B0E /* HomeView.swift in Sources */ = {isa = PBXBuildFile; fileRef = 344DC5192B277D6100481B0E /* HomeView.swift */; };
		344DC51C2B277D6400481B0E /* Assets.xcassets in Resources */ = {isa = PBXBuildFile; fileRef = 344DC51B2B277D6400481B0E /* Assets.xcassets */; };
		344DC51F2B277D6400481B0E /* Preview Assets.xcassets in Resources */ = {isa = PBXBuildFile; fileRef = 344DC51E2B277D6400481B0E /* Preview Assets.xcassets */; };
		344DC5282B277F4700481B0E /* Color.swift in Sources */ = {isa = PBXBuildFile; fileRef = 344DC5272B277F4700481B0E /* Color.swift */; };
		344DC52E2B2780FF00481B0E /* Listing.swift in Sources */ = {isa = PBXBuildFile; fileRef = 344DC52D2B2780FF00481B0E /* Listing.swift */; };
		346DEBE82B4AF2400090BD27 /* CircleButtonView.swift in Sources */ = {isa = PBXBuildFile; fileRef = 346DEBE72B4AF2400090BD27 /* CircleButtonView.swift */; };
		346DEBEA2B4AF3150090BD27 /* CircleButtonAnimationView.swift in Sources */ = {isa = PBXBuildFile; fileRef = 346DEBE92B4AF3150090BD27 /* CircleButtonAnimationView.swift */; };
		347E60C22B41AC7E00A86FDD /* ReportReason.swift in Sources */ = {isa = PBXBuildFile; fileRef = 347E60C12B41AC7E00A86FDD /* ReportReason.swift */; };
		348603472B55AE6D0064C51D /* RedDivider.swift in Sources */ = {isa = PBXBuildFile; fileRef = 348603462B55AE6D0064C51D /* RedDivider.swift */; };
		348680A72B6420B500E0D95A /* FullScreenImageView.swift in Sources */ = {isa = PBXBuildFile; fileRef = 348680A62B6420B500E0D95A /* FullScreenImageView.swift */; };
		348A57512B385202007FBB9B /* DetailView.swift in Sources */ = {isa = PBXBuildFile; fileRef = 348A57502B385202007FBB9B /* DetailView.swift */; };
		348A57532B3852DD007FBB9B /* DetailViewModel.swift in Sources */ = {isa = PBXBuildFile; fileRef = 348A57522B3852DD007FBB9B /* DetailViewModel.swift */; };
		348A87482B4ACF7300BBDF4D /* SearchBarView.swift in Sources */ = {isa = PBXBuildFile; fileRef = 348A87472B4ACF7300BBDF4D /* SearchBarView.swift */; };
		348A874A2B4ACFD300BBDF4D /* UIApplication.swift in Sources */ = {isa = PBXBuildFile; fileRef = 348A87492B4ACFD300BBDF4D /* UIApplication.swift */; };
		349588DB2B3F3B9900B55884 /* Double.swift in Sources */ = {isa = PBXBuildFile; fileRef = 349588DA2B3F3B9900B55884 /* Double.swift */; };
		349588DD2B3F40BF00B55884 /* ListingGridView.swift in Sources */ = {isa = PBXBuildFile; fileRef = 349588DC2B3F40BF00B55884 /* ListingGridView.swift */; };
		34A1EFEF2B34AD2400E1F948 /* LocalFileManager.swift in Sources */ = {isa = PBXBuildFile; fileRef = 34A1EFEE2B34AD2400E1F948 /* LocalFileManager.swift */; };
		34A1EFF12B34AE3300E1F948 /* ListingImageViewModel.swift in Sources */ = {isa = PBXBuildFile; fileRef = 34A1EFF02B34AE3300E1F948 /* ListingImageViewModel.swift */; };
		34B4E5452B54245E00FDE7E4 /* BookView.swift in Sources */ = {isa = PBXBuildFile; fileRef = 34B4E5442B54245D00FDE7E4 /* BookView.swift */; };
		34B4E5492B542F2800FDE7E4 /* DismissXButton.swift in Sources */ = {isa = PBXBuildFile; fileRef = 34B4E5482B542F2800FDE7E4 /* DismissXButton.swift */; };
		34B635A22B681513007D980F /* ImageType.swift in Sources */ = {isa = PBXBuildFile; fileRef = 34B635A12B681513007D980F /* ImageType.swift */; };
		34B661F42B4C6D11006ABA26 /* FavoritesContainer.xcdatamodeld in Sources */ = {isa = PBXBuildFile; fileRef = 34B661F22B4C6D11006ABA26 /* FavoritesContainer.xcdatamodeld */; };
		34B661F62B4C6DB4006ABA26 /* FavoritesDataService.swift in Sources */ = {isa = PBXBuildFile; fileRef = 34B661F52B4C6DB4006ABA26 /* FavoritesDataService.swift */; };
		34B8CBC12B320E700051985E /* ListingImageView.swift in Sources */ = {isa = PBXBuildFile; fileRef = 34B8CBC02B320E700051985E /* ListingImageView.swift */; };
		34B8CBC32B320F6C0051985E /* ListingImageDataService.swift in Sources */ = {isa = PBXBuildFile; fileRef = 34B8CBC22B320F6C0051985E /* ListingImageDataService.swift */; };
		34D358182B40625100255E11 /* ReportView.swift in Sources */ = {isa = PBXBuildFile; fileRef = 34D358172B40625100255E11 /* ReportView.swift */; };
		34D3581A2B4098F800255E11 /* ReportRowView.swift in Sources */ = {isa = PBXBuildFile; fileRef = 34D358192B4098F800255E11 /* ReportRowView.swift */; };
		34E7BBE02B2786040043D7FA /* ListingsResponse.swift in Sources */ = {isa = PBXBuildFile; fileRef = 34E7BBDF2B2786040043D7FA /* ListingsResponse.swift */; };
		34E8B08B2B5C3C390043B979 /* ConfirmationRectangle.swift in Sources */ = {isa = PBXBuildFile; fileRef = 34E8B08A2B5C3C390043B979 /* ConfirmationRectangle.swift */; };
		34F063A72B30B646003966B9 /* NetworkManager.swift in Sources */ = {isa = PBXBuildFile; fileRef = 34F063A62B30B646003966B9 /* NetworkManager.swift */; };
		34F063AA2B30B69F003966B9 /* ListingDataService.swift in Sources */ = {isa = PBXBuildFile; fileRef = 34F063A92B30B69F003966B9 /* ListingDataService.swift */; };
		34F063AC2B30B90D003966B9 /* HomeViewModel.swift in Sources */ = {isa = PBXBuildFile; fileRef = 34F063AB2B30B90D003966B9 /* HomeViewModel.swift */; };
		34F063AE2B30BFFB003966B9 /* ListingRowView.swift in Sources */ = {isa = PBXBuildFile; fileRef = 34F063AD2B30BFFB003966B9 /* ListingRowView.swift */; };
		34F063B02B30C041003966B9 /* PreviewProvider.swift in Sources */ = {isa = PBXBuildFile; fileRef = 34F063AF2B30C040003966B9 /* PreviewProvider.swift */; };
		34F440352B3DED69004D581A /* ListingDescriptionView.swift in Sources */ = {isa = PBXBuildFile; fileRef = 34F440342B3DED69004D581A /* ListingDescriptionView.swift */; };
/* End PBXBuildFile section */

/* Begin PBXFileReference section */
		341A58932B3C99DC00414188 /* HostImageDataService.swift */ = {isa = PBXFileReference; lastKnownFileType = sourcecode.swift; path = HostImageDataService.swift; sourceTree = "<group>"; };
		341A58952B3C9B7300414188 /* HostImageViewModel.swift */ = {isa = PBXFileReference; lastKnownFileType = sourcecode.swift; path = HostImageViewModel.swift; sourceTree = "<group>"; };
		341A58972B3C9C7C00414188 /* HostImageView.swift */ = {isa = PBXFileReference; lastKnownFileType = sourcecode.swift; path = HostImageView.swift; sourceTree = "<group>"; };
		341A58992B3C9FAB00414188 /* HostInfoView.swift */ = {isa = PBXFileReference; lastKnownFileType = sourcecode.swift; path = HostInfoView.swift; sourceTree = "<group>"; };
		342FB6A72B654E5300611B25 /* XLImageDataService.swift */ = {isa = PBXFileReference; lastKnownFileType = sourcecode.swift; path = XLImageDataService.swift; sourceTree = "<group>"; };
		342FB6AA2B65501000611B25 /* XLImageViewModel.swift */ = {isa = PBXFileReference; lastKnownFileType = sourcecode.swift; path = XLImageViewModel.swift; sourceTree = "<group>"; };
		342FB6AC2B65568F00611B25 /* XLImageView.swift */ = {isa = PBXFileReference; lastKnownFileType = sourcecode.swift; path = XLImageView.swift; sourceTree = "<group>"; };
		343374042B5304EB001A5144 /* ApartmentInfoView.swift */ = {isa = PBXFileReference; lastKnownFileType = sourcecode.swift; path = ApartmentInfoView.swift; sourceTree = "<group>"; };
		343EE7062B39A95400F1E548 /* ImagesSlider.swift */ = {isa = PBXFileReference; lastKnownFileType = sourcecode.swift; path = ImagesSlider.swift; sourceTree = "<group>"; };
		344DC5142B277D6100481B0E /* CustomAirbnb.app */ = {isa = PBXFileReference; explicitFileType = wrapper.application; includeInIndex = 0; path = CustomAirbnb.app; sourceTree = BUILT_PRODUCTS_DIR; };
		344DC5172B277D6100481B0E /* CustomAirbnbApp.swift */ = {isa = PBXFileReference; lastKnownFileType = sourcecode.swift; path = CustomAirbnbApp.swift; sourceTree = "<group>"; };
		344DC5192B277D6100481B0E /* HomeView.swift */ = {isa = PBXFileReference; lastKnownFileType = sourcecode.swift; path = HomeView.swift; sourceTree = "<group>"; };
		344DC51B2B277D6400481B0E /* Assets.xcassets */ = {isa = PBXFileReference; lastKnownFileType = folder.assetcatalog; path = Assets.xcassets; sourceTree = "<group>"; };
		344DC51E2B277D6400481B0E /* Preview Assets.xcassets */ = {isa = PBXFileReference; lastKnownFileType = folder.assetcatalog; path = "Preview Assets.xcassets"; sourceTree = "<group>"; };
		344DC5272B277F4700481B0E /* Color.swift */ = {isa = PBXFileReference; lastKnownFileType = sourcecode.swift; path = Color.swift; sourceTree = "<group>"; };
		344DC52D2B2780FF00481B0E /* Listing.swift */ = {isa = PBXFileReference; lastKnownFileType = sourcecode.swift; path = Listing.swift; sourceTree = "<group>"; };
		346DEBE72B4AF2400090BD27 /* CircleButtonView.swift */ = {isa = PBXFileReference; lastKnownFileType = sourcecode.swift; path = CircleButtonView.swift; sourceTree = "<group>"; };
		346DEBE92B4AF3150090BD27 /* CircleButtonAnimationView.swift */ = {isa = PBXFileReference; lastKnownFileType = sourcecode.swift; path = CircleButtonAnimationView.swift; sourceTree = "<group>"; };
		347E60C12B41AC7E00A86FDD /* ReportReason.swift */ = {isa = PBXFileReference; lastKnownFileType = sourcecode.swift; path = ReportReason.swift; sourceTree = "<group>"; };
		348603462B55AE6D0064C51D /* RedDivider.swift */ = {isa = PBXFileReference; lastKnownFileType = sourcecode.swift; path = RedDivider.swift; sourceTree = "<group>"; };
		348680A62B6420B500E0D95A /* FullScreenImageView.swift */ = {isa = PBXFileReference; lastKnownFileType = sourcecode.swift; path = FullScreenImageView.swift; sourceTree = "<group>"; };
		348A57502B385202007FBB9B /* DetailView.swift */ = {isa = PBXFileReference; lastKnownFileType = sourcecode.swift; path = DetailView.swift; sourceTree = "<group>"; };
		348A57522B3852DD007FBB9B /* DetailViewModel.swift */ = {isa = PBXFileReference; lastKnownFileType = sourcecode.swift; path = DetailViewModel.swift; sourceTree = "<group>"; };
		348A87472B4ACF7300BBDF4D /* SearchBarView.swift */ = {isa = PBXFileReference; lastKnownFileType = sourcecode.swift; path = SearchBarView.swift; sourceTree = "<group>"; };
		348A87492B4ACFD300BBDF4D /* UIApplication.swift */ = {isa = PBXFileReference; lastKnownFileType = sourcecode.swift; path = UIApplication.swift; sourceTree = "<group>"; };
		349588DA2B3F3B9900B55884 /* Double.swift */ = {isa = PBXFileReference; lastKnownFileType = sourcecode.swift; path = Double.swift; sourceTree = "<group>"; };
		349588DC2B3F40BF00B55884 /* ListingGridView.swift */ = {isa = PBXFileReference; lastKnownFileType = sourcecode.swift; path = ListingGridView.swift; sourceTree = "<group>"; };
		34A1EFEE2B34AD2400E1F948 /* LocalFileManager.swift */ = {isa = PBXFileReference; lastKnownFileType = sourcecode.swift; path = LocalFileManager.swift; sourceTree = "<group>"; };
		34A1EFF02B34AE3300E1F948 /* ListingImageViewModel.swift */ = {isa = PBXFileReference; lastKnownFileType = sourcecode.swift; path = ListingImageViewModel.swift; sourceTree = "<group>"; };
		34B4E5442B54245D00FDE7E4 /* BookView.swift */ = {isa = PBXFileReference; lastKnownFileType = sourcecode.swift; path = BookView.swift; sourceTree = "<group>"; };
		34B4E5482B542F2800FDE7E4 /* DismissXButton.swift */ = {isa = PBXFileReference; lastKnownFileType = sourcecode.swift; path = DismissXButton.swift; sourceTree = "<group>"; };
		34B635A12B681513007D980F /* ImageType.swift */ = {isa = PBXFileReference; lastKnownFileType = sourcecode.swift; path = ImageType.swift; sourceTree = "<group>"; };
		34B661F32B4C6D11006ABA26 /* FavoritesContainer.xcdatamodel */ = {isa = PBXFileReference; lastKnownFileType = wrapper.xcdatamodel; path = FavoritesContainer.xcdatamodel; sourceTree = "<group>"; };
		34B661F52B4C6DB4006ABA26 /* FavoritesDataService.swift */ = {isa = PBXFileReference; lastKnownFileType = sourcecode.swift; path = FavoritesDataService.swift; sourceTree = "<group>"; };
		34B8CBC02B320E700051985E /* ListingImageView.swift */ = {isa = PBXFileReference; lastKnownFileType = sourcecode.swift; path = ListingImageView.swift; sourceTree = "<group>"; };
		34B8CBC22B320F6C0051985E /* ListingImageDataService.swift */ = {isa = PBXFileReference; lastKnownFileType = sourcecode.swift; path = ListingImageDataService.swift; sourceTree = "<group>"; };
		34D358172B40625100255E11 /* ReportView.swift */ = {isa = PBXFileReference; lastKnownFileType = sourcecode.swift; path = ReportView.swift; sourceTree = "<group>"; };
		34D358192B4098F800255E11 /* ReportRowView.swift */ = {isa = PBXFileReference; lastKnownFileType = sourcecode.swift; path = ReportRowView.swift; sourceTree = "<group>"; };
		34E7BBDF2B2786040043D7FA /* ListingsResponse.swift */ = {isa = PBXFileReference; lastKnownFileType = sourcecode.swift; path = ListingsResponse.swift; sourceTree = "<group>"; };
		34E8B08A2B5C3C390043B979 /* ConfirmationRectangle.swift */ = {isa = PBXFileReference; lastKnownFileType = sourcecode.swift; path = ConfirmationRectangle.swift; sourceTree = "<group>"; };
		34F063A62B30B646003966B9 /* NetworkManager.swift */ = {isa = PBXFileReference; lastKnownFileType = sourcecode.swift; path = NetworkManager.swift; sourceTree = "<group>"; };
		34F063A92B30B69F003966B9 /* ListingDataService.swift */ = {isa = PBXFileReference; lastKnownFileType = sourcecode.swift; path = ListingDataService.swift; sourceTree = "<group>"; };
		34F063AB2B30B90D003966B9 /* HomeViewModel.swift */ = {isa = PBXFileReference; lastKnownFileType = sourcecode.swift; path = HomeViewModel.swift; sourceTree = "<group>"; };
		34F063AD2B30BFFB003966B9 /* ListingRowView.swift */ = {isa = PBXFileReference; lastKnownFileType = sourcecode.swift; path = ListingRowView.swift; sourceTree = "<group>"; };
		34F063AF2B30C040003966B9 /* PreviewProvider.swift */ = {isa = PBXFileReference; lastKnownFileType = sourcecode.swift; path = PreviewProvider.swift; sourceTree = "<group>"; };
		34F440342B3DED69004D581A /* ListingDescriptionView.swift */ = {isa = PBXFileReference; lastKnownFileType = sourcecode.swift; path = ListingDescriptionView.swift; sourceTree = "<group>"; };
/* End PBXFileReference section */

/* Begin PBXFrameworksBuildPhase section */
		344DC5112B277D6100481B0E /* Frameworks */ = {
			isa = PBXFrameworksBuildPhase;
			buildActionMask = 2147483647;
			files = (
			);
			runOnlyForDeploymentPostprocessing = 0;
		};
/* End PBXFrameworksBuildPhase section */

/* Begin PBXGroup section */
		342FB6A92B654FED00611B25 /* XLImage */ = {
			isa = PBXGroup;
			children = (
				342FB6AA2B65501000611B25 /* XLImageViewModel.swift */,
				342FB6AC2B65568F00611B25 /* XLImageView.swift */,
			);
			path = XLImage;
			sourceTree = "<group>";
		};
		344DC50B2B277D6100481B0E = {
			isa = PBXGroup;
			children = (
				344DC5162B277D6100481B0E /* CustomAirbnb */,
				344DC5152B277D6100481B0E /* Products */,
			);
			sourceTree = "<group>";
		};
		344DC5152B277D6100481B0E /* Products */ = {
			isa = PBXGroup;
			children = (
				344DC5142B277D6100481B0E /* CustomAirbnb.app */,
			);
			name = Products;
			sourceTree = "<group>";
		};
		344DC5162B277D6100481B0E /* CustomAirbnb */ = {
			isa = PBXGroup;
			children = (
				344DC5172B277D6100481B0E /* CustomAirbnbApp.swift */,
				34B635A02B6814FB007D980F /* Protocols */,
				34F063A52B30B633003966B9 /* Utilities */,
				344DC5262B277F3400481B0E /* Extensions */,
				34F063A82B30B670003966B9 /* Services */,
				344DC52C2B27806F00481B0E /* Models */,
				344DC52A2B27803800481B0E /* Core */,
				344DC51B2B277D6400481B0E /* Assets.xcassets */,
				344DC51D2B277D6400481B0E /* Preview Content */,
			);
			path = CustomAirbnb;
			sourceTree = "<group>";
		};
		344DC51D2B277D6400481B0E /* Preview Content */ = {
			isa = PBXGroup;
			children = (
				344DC51E2B277D6400481B0E /* Preview Assets.xcassets */,
			);
			path = "Preview Content";
			sourceTree = "<group>";
		};
		344DC5252B277DBD00481B0E /* Views */ = {
			isa = PBXGroup;
			children = (
				344DC5192B277D6100481B0E /* HomeView.swift */,
				34F063AD2B30BFFB003966B9 /* ListingRowView.swift */,
			);
			path = Views;
			sourceTree = "<group>";
		};
		344DC5262B277F3400481B0E /* Extensions */ = {
			isa = PBXGroup;
			children = (
				344DC5272B277F4700481B0E /* Color.swift */,
				349588DA2B3F3B9900B55884 /* Double.swift */,
				34F063AF2B30C040003966B9 /* PreviewProvider.swift */,
				348A87492B4ACFD300BBDF4D /* UIApplication.swift */,
			);
			path = Extensions;
			sourceTree = "<group>";
		};
		344DC5292B27800700481B0E /* Home */ = {
			isa = PBXGroup;
			children = (
				344DC52B2B27805E00481B0E /* ViewModel */,
				344DC5252B277DBD00481B0E /* Views */,
			);
			path = Home;
			sourceTree = "<group>";
		};
		344DC52A2B27803800481B0E /* Core */ = {
			isa = PBXGroup;
			children = (
				34B8CBBF2B320E570051985E /* Components */,
				344DC5292B27800700481B0E /* Home */,
				348A574D2B38519F007FBB9B /* Detail */,
			);
			path = Core;
			sourceTree = "<group>";
		};
		344DC52B2B27805E00481B0E /* ViewModel */ = {
			isa = PBXGroup;
			children = (
				34F063AB2B30B90D003966B9 /* HomeViewModel.swift */,
			);
			path = ViewModel;
			sourceTree = "<group>";
		};
		344DC52C2B27806F00481B0E /* Models */ = {
			isa = PBXGroup;
			children = (
				34E7BBDF2B2786040043D7FA /* ListingsResponse.swift */,
				344DC52D2B2780FF00481B0E /* Listing.swift */,
				347E60C12B41AC7E00A86FDD /* ReportReason.swift */,
				34B661F22B4C6D11006ABA26 /* FavoritesContainer.xcdatamodeld */,
			);
			path = Models;
			sourceTree = "<group>";
		};
		346DEBE62B4AF2290090BD27 /* CircleButton */ = {
			isa = PBXGroup;
			children = (
				346DEBE72B4AF2400090BD27 /* CircleButtonView.swift */,
				346DEBE92B4AF3150090BD27 /* CircleButtonAnimationView.swift */,
			);
			path = CircleButton;
			sourceTree = "<group>";
		};
		348A574D2B38519F007FBB9B /* Detail */ = {
			isa = PBXGroup;
			children = (
				348A574E2B3851DD007FBB9B /* ViewModel */,
				348A574F2B3851EE007FBB9B /* Views */,
				34D358162B40620E00255E11 /* ButtonViews */,
			);
			path = Detail;
			sourceTree = "<group>";
		};
		348A574E2B3851DD007FBB9B /* ViewModel */ = {
			isa = PBXGroup;
			children = (
				348A57522B3852DD007FBB9B /* DetailViewModel.swift */,
			);
			path = ViewModel;
			sourceTree = "<group>";
		};
		348A574F2B3851EE007FBB9B /* Views */ = {
			isa = PBXGroup;
			children = (
				348A57502B385202007FBB9B /* DetailView.swift */,
				343EE7062B39A95400F1E548 /* ImagesSlider.swift */,
				343374042B5304EB001A5144 /* ApartmentInfoView.swift */,
				341A58992B3C9FAB00414188 /* HostInfoView.swift */,
				34F440342B3DED69004D581A /* ListingDescriptionView.swift */,
				349588DC2B3F40BF00B55884 /* ListingGridView.swift */,
			);
			path = Views;
			sourceTree = "<group>";
		};
		34B635A02B6814FB007D980F /* Protocols */ = {
			isa = PBXGroup;
			children = (
				34B635A12B681513007D980F /* ImageType.swift */,
			);
			path = Protocols;
			sourceTree = "<group>";
		};
		34B762932B39DCB300B026AA /* ListingImage */ = {
			isa = PBXGroup;
			children = (
				34A1EFF02B34AE3300E1F948 /* ListingImageViewModel.swift */,
				34B8CBC02B320E700051985E /* ListingImageView.swift */,
			);
			path = ListingImage;
			sourceTree = "<group>";
		};
		34B762942B39DD2F00B026AA /* HostImage */ = {
			isa = PBXGroup;
			children = (
				341A58952B3C9B7300414188 /* HostImageViewModel.swift */,
				341A58972B3C9C7C00414188 /* HostImageView.swift */,
			);
			path = HostImage;
			sourceTree = "<group>";
		};
		34B8CBBF2B320E570051985E /* Components */ = {
			isa = PBXGroup;
			children = (
				346DEBE62B4AF2290090BD27 /* CircleButton */,
				34B762932B39DCB300B026AA /* ListingImage */,
				34B762942B39DD2F00B026AA /* HostImage */,
				342FB6A92B654FED00611B25 /* XLImage */,
				348A87472B4ACF7300BBDF4D /* SearchBarView.swift */,
				34B4E5482B542F2800FDE7E4 /* DismissXButton.swift */,
				348603462B55AE6D0064C51D /* RedDivider.swift */,
				34E8B08A2B5C3C390043B979 /* ConfirmationRectangle.swift */,
			);
			path = Components;
			sourceTree = "<group>";
		};
		34D358162B40620E00255E11 /* ButtonViews */ = {
			isa = PBXGroup;
			children = (
				34B4E5442B54245D00FDE7E4 /* BookView.swift */,
				348680A62B6420B500E0D95A /* FullScreenImageView.swift */,
				34D358172B40625100255E11 /* ReportView.swift */,
				34D358192B4098F800255E11 /* ReportRowView.swift */,
			);
			path = ButtonViews;
			sourceTree = "<group>";
		};
		34F063A52B30B633003966B9 /* Utilities */ = {
			isa = PBXGroup;
			children = (
				34F063A62B30B646003966B9 /* NetworkManager.swift */,
				34A1EFEE2B34AD2400E1F948 /* LocalFileManager.swift */,
			);
			path = Utilities;
			sourceTree = "<group>";
		};
		34F063A82B30B670003966B9 /* Services */ = {
			isa = PBXGroup;
			children = (
				34F063A92B30B69F003966B9 /* ListingDataService.swift */,
				34B8CBC22B320F6C0051985E /* ListingImageDataService.swift */,
				341A58932B3C99DC00414188 /* HostImageDataService.swift */,
				342FB6A72B654E5300611B25 /* XLImageDataService.swift */,
				34B661F52B4C6DB4006ABA26 /* FavoritesDataService.swift */,
			);
			path = Services;
			sourceTree = "<group>";
		};
/* End PBXGroup section */

/* Begin PBXNativeTarget section */
		344DC5132B277D6100481B0E /* CustomAirbnb */ = {
			isa = PBXNativeTarget;
			buildConfigurationList = 344DC5222B277D6400481B0E /* Build configuration list for PBXNativeTarget "CustomAirbnb" */;
			buildPhases = (
				344DC5102B277D6100481B0E /* Sources */,
				344DC5112B277D6100481B0E /* Frameworks */,
				344DC5122B277D6100481B0E /* Resources */,
			);
			buildRules = (
			);
			dependencies = (
			);
			name = CustomAirbnb;
			productName = CustomAirbnb;
			productReference = 344DC5142B277D6100481B0E /* CustomAirbnb.app */;
			productType = "com.apple.product-type.application";
		};
/* End PBXNativeTarget section */

/* Begin PBXProject section */
		344DC50C2B277D6100481B0E /* Project object */ = {
			isa = PBXProject;
			attributes = {
				BuildIndependentTargetsInParallel = 1;
				LastSwiftUpdateCheck = 1430;
				LastUpgradeCheck = 1430;
				TargetAttributes = {
					344DC5132B277D6100481B0E = {
						CreatedOnToolsVersion = 14.3.1;
					};
				};
			};
			buildConfigurationList = 344DC50F2B277D6100481B0E /* Build configuration list for PBXProject "CustomAirbnb" */;
			compatibilityVersion = "Xcode 14.0";
			developmentRegion = en;
			hasScannedForEncodings = 0;
			knownRegions = (
				en,
				Base,
			);
			mainGroup = 344DC50B2B277D6100481B0E;
			productRefGroup = 344DC5152B277D6100481B0E /* Products */;
			projectDirPath = "";
			projectRoot = "";
			targets = (
				344DC5132B277D6100481B0E /* CustomAirbnb */,
			);
		};
/* End PBXProject section */

/* Begin PBXResourcesBuildPhase section */
		344DC5122B277D6100481B0E /* Resources */ = {
			isa = PBXResourcesBuildPhase;
			buildActionMask = 2147483647;
			files = (
				344DC51F2B277D6400481B0E /* Preview Assets.xcassets in Resources */,
				344DC51C2B277D6400481B0E /* Assets.xcassets in Resources */,
			);
			runOnlyForDeploymentPostprocessing = 0;
		};
/* End PBXResourcesBuildPhase section */

/* Begin PBXSourcesBuildPhase section */
		344DC5102B277D6100481B0E /* Sources */ = {
			isa = PBXSourcesBuildPhase;
			buildActionMask = 2147483647;
			files = (
				34B8CBC32B320F6C0051985E /* ListingImageDataService.swift in Sources */,
				34A1EFEF2B34AD2400E1F948 /* LocalFileManager.swift in Sources */,
				347E60C22B41AC7E00A86FDD /* ReportReason.swift in Sources */,
				341A58982B3C9C7C00414188 /* HostImageView.swift in Sources */,
				341A58962B3C9B7300414188 /* HostImageViewModel.swift in Sources */,
				341A589A2B3C9FAB00414188 /* HostInfoView.swift in Sources */,
				34F063A72B30B646003966B9 /* NetworkManager.swift in Sources */,
				344DC51A2B277D6100481B0E /* HomeView.swift in Sources */,
				34E8B08B2B5C3C390043B979 /* ConfirmationRectangle.swift in Sources */,
				344DC5282B277F4700481B0E /* Color.swift in Sources */,
				34F440352B3DED69004D581A /* ListingDescriptionView.swift in Sources */,
				343EE7072B39A95400F1E548 /* ImagesSlider.swift in Sources */,
				34F063AC2B30B90D003966B9 /* HomeViewModel.swift in Sources */,
				349588DB2B3F3B9900B55884 /* Double.swift in Sources */,
				34B661F42B4C6D11006ABA26 /* FavoritesContainer.xcdatamodeld in Sources */,
				344DC52E2B2780FF00481B0E /* Listing.swift in Sources */,
				34A1EFF12B34AE3300E1F948 /* ListingImageViewModel.swift in Sources */,
				341A58942B3C99DC00414188 /* HostImageDataService.swift in Sources */,
				343374052B5304EB001A5144 /* ApartmentInfoView.swift in Sources */,
				34B635A22B681513007D980F /* ImageType.swift in Sources */,
				34F063AA2B30B69F003966B9 /* ListingDataService.swift in Sources */,
				34B4E5492B542F2800FDE7E4 /* DismissXButton.swift in Sources */,
				34B4E5452B54245E00FDE7E4 /* BookView.swift in Sources */,
				34B8CBC12B320E700051985E /* ListingImageView.swift in Sources */,
				346DEBE82B4AF2400090BD27 /* CircleButtonView.swift in Sources */,
				342FB6A82B654E5300611B25 /* XLImageDataService.swift in Sources */,
				34F063AE2B30BFFB003966B9 /* ListingRowView.swift in Sources */,
				34D358182B40625100255E11 /* ReportView.swift in Sources */,
				34E7BBE02B2786040043D7FA /* ListingsResponse.swift in Sources */,
				346DEBEA2B4AF3150090BD27 /* CircleButtonAnimationView.swift in Sources */,
				344DC5182B277D6100481B0E /* CustomAirbnbApp.swift in Sources */,
				348603472B55AE6D0064C51D /* RedDivider.swift in Sources */,
				348A874A2B4ACFD300BBDF4D /* UIApplication.swift in Sources */,
				342FB6AD2B65569000611B25 /* XLImageView.swift in Sources */,
				348A57512B385202007FBB9B /* DetailView.swift in Sources */,
				342FB6AB2B65501000611B25 /* XLImageViewModel.swift in Sources */,
				349588DD2B3F40BF00B55884 /* ListingGridView.swift in Sources */,
				348680A72B6420B500E0D95A /* FullScreenImageView.swift in Sources */,
				348A87482B4ACF7300BBDF4D /* SearchBarView.swift in Sources */,
				34F063B02B30C041003966B9 /* PreviewProvider.swift in Sources */,
				34B661F62B4C6DB4006ABA26 /* FavoritesDataService.swift in Sources */,
				348A57532B3852DD007FBB9B /* DetailViewModel.swift in Sources */,
				34D3581A2B4098F800255E11 /* ReportRowView.swift in Sources */,
			);
			runOnlyForDeploymentPostprocessing = 0;
		};
/* End PBXSourcesBuildPhase section */

/* Begin XCBuildConfiguration section */
		344DC5202B277D6400481B0E /* Debug */ = {
			isa = XCBuildConfiguration;
			buildSettings = {
				ALWAYS_SEARCH_USER_PATHS = NO;
				CLANG_ANALYZER_NONNULL = YES;
				CLANG_ANALYZER_NUMBER_OBJECT_CONVERSION = YES_AGGRESSIVE;
				CLANG_CXX_LANGUAGE_STANDARD = "gnu++20";
				CLANG_ENABLE_MODULES = YES;
				CLANG_ENABLE_OBJC_ARC = YES;
				CLANG_ENABLE_OBJC_WEAK = YES;
				CLANG_WARN_BLOCK_CAPTURE_AUTORELEASING = YES;
				CLANG_WARN_BOOL_CONVERSION = YES;
				CLANG_WARN_COMMA = YES;
				CLANG_WARN_CONSTANT_CONVERSION = YES;
				CLANG_WARN_DEPRECATED_OBJC_IMPLEMENTATIONS = YES;
				CLANG_WARN_DIRECT_OBJC_ISA_USAGE = YES_ERROR;
				CLANG_WARN_DOCUMENTATION_COMMENTS = YES;
				CLANG_WARN_EMPTY_BODY = YES;
				CLANG_WARN_ENUM_CONVERSION = YES;
				CLANG_WARN_INFINITE_RECURSION = YES;
				CLANG_WARN_INT_CONVERSION = YES;
				CLANG_WARN_NON_LITERAL_NULL_CONVERSION = YES;
				CLANG_WARN_OBJC_IMPLICIT_RETAIN_SELF = YES;
				CLANG_WARN_OBJC_LITERAL_CONVERSION = YES;
				CLANG_WARN_OBJC_ROOT_CLASS = YES_ERROR;
				CLANG_WARN_QUOTED_INCLUDE_IN_FRAMEWORK_HEADER = YES;
				CLANG_WARN_RANGE_LOOP_ANALYSIS = YES;
				CLANG_WARN_STRICT_PROTOTYPES = YES;
				CLANG_WARN_SUSPICIOUS_MOVE = YES;
				CLANG_WARN_UNGUARDED_AVAILABILITY = YES_AGGRESSIVE;
				CLANG_WARN_UNREACHABLE_CODE = YES;
				CLANG_WARN__DUPLICATE_METHOD_MATCH = YES;
				COPY_PHASE_STRIP = NO;
				DEBUG_INFORMATION_FORMAT = dwarf;
				ENABLE_STRICT_OBJC_MSGSEND = YES;
				ENABLE_TESTABILITY = YES;
				GCC_C_LANGUAGE_STANDARD = gnu11;
				GCC_DYNAMIC_NO_PIC = NO;
				GCC_NO_COMMON_BLOCKS = YES;
				GCC_OPTIMIZATION_LEVEL = 0;
				GCC_PREPROCESSOR_DEFINITIONS = (
					"DEBUG=1",
					"$(inherited)",
				);
				GCC_WARN_64_TO_32_BIT_CONVERSION = YES;
				GCC_WARN_ABOUT_RETURN_TYPE = YES_ERROR;
				GCC_WARN_UNDECLARED_SELECTOR = YES;
				GCC_WARN_UNINITIALIZED_AUTOS = YES_AGGRESSIVE;
				GCC_WARN_UNUSED_FUNCTION = YES;
				GCC_WARN_UNUSED_VARIABLE = YES;
				IPHONEOS_DEPLOYMENT_TARGET = 16.4;
				MTL_ENABLE_DEBUG_INFO = INCLUDE_SOURCE;
				MTL_FAST_MATH = YES;
				ONLY_ACTIVE_ARCH = YES;
				SDKROOT = iphoneos;
				SWIFT_ACTIVE_COMPILATION_CONDITIONS = DEBUG;
				SWIFT_OPTIMIZATION_LEVEL = "-Onone";
			};
			name = Debug;
		};
		344DC5212B277D6400481B0E /* Release */ = {
			isa = XCBuildConfiguration;
			buildSettings = {
				ALWAYS_SEARCH_USER_PATHS = NO;
				CLANG_ANALYZER_NONNULL = YES;
				CLANG_ANALYZER_NUMBER_OBJECT_CONVERSION = YES_AGGRESSIVE;
				CLANG_CXX_LANGUAGE_STANDARD = "gnu++20";
				CLANG_ENABLE_MODULES = YES;
				CLANG_ENABLE_OBJC_ARC = YES;
				CLANG_ENABLE_OBJC_WEAK = YES;
				CLANG_WARN_BLOCK_CAPTURE_AUTORELEASING = YES;
				CLANG_WARN_BOOL_CONVERSION = YES;
				CLANG_WARN_COMMA = YES;
				CLANG_WARN_CONSTANT_CONVERSION = YES;
				CLANG_WARN_DEPRECATED_OBJC_IMPLEMENTATIONS = YES;
				CLANG_WARN_DIRECT_OBJC_ISA_USAGE = YES_ERROR;
				CLANG_WARN_DOCUMENTATION_COMMENTS = YES;
				CLANG_WARN_EMPTY_BODY = YES;
				CLANG_WARN_ENUM_CONVERSION = YES;
				CLANG_WARN_INFINITE_RECURSION = YES;
				CLANG_WARN_INT_CONVERSION = YES;
				CLANG_WARN_NON_LITERAL_NULL_CONVERSION = YES;
				CLANG_WARN_OBJC_IMPLICIT_RETAIN_SELF = YES;
				CLANG_WARN_OBJC_LITERAL_CONVERSION = YES;
				CLANG_WARN_OBJC_ROOT_CLASS = YES_ERROR;
				CLANG_WARN_QUOTED_INCLUDE_IN_FRAMEWORK_HEADER = YES;
				CLANG_WARN_RANGE_LOOP_ANALYSIS = YES;
				CLANG_WARN_STRICT_PROTOTYPES = YES;
				CLANG_WARN_SUSPICIOUS_MOVE = YES;
				CLANG_WARN_UNGUARDED_AVAILABILITY = YES_AGGRESSIVE;
				CLANG_WARN_UNREACHABLE_CODE = YES;
				CLANG_WARN__DUPLICATE_METHOD_MATCH = YES;
				COPY_PHASE_STRIP = NO;
				DEBUG_INFORMATION_FORMAT = "dwarf-with-dsym";
				ENABLE_NS_ASSERTIONS = NO;
				ENABLE_STRICT_OBJC_MSGSEND = YES;
				GCC_C_LANGUAGE_STANDARD = gnu11;
				GCC_NO_COMMON_BLOCKS = YES;
				GCC_WARN_64_TO_32_BIT_CONVERSION = YES;
				GCC_WARN_ABOUT_RETURN_TYPE = YES_ERROR;
				GCC_WARN_UNDECLARED_SELECTOR = YES;
				GCC_WARN_UNINITIALIZED_AUTOS = YES_AGGRESSIVE;
				GCC_WARN_UNUSED_FUNCTION = YES;
				GCC_WARN_UNUSED_VARIABLE = YES;
				IPHONEOS_DEPLOYMENT_TARGET = 16.4;
				MTL_ENABLE_DEBUG_INFO = NO;
				MTL_FAST_MATH = YES;
				SDKROOT = iphoneos;
				SWIFT_COMPILATION_MODE = wholemodule;
				SWIFT_OPTIMIZATION_LEVEL = "-O";
				VALIDATE_PRODUCT = YES;
			};
			name = Release;
		};
		344DC5232B277D6400481B0E /* Debug */ = {
			isa = XCBuildConfiguration;
			buildSettings = {
				ASSETCATALOG_COMPILER_APPICON_NAME = AppIcon;
				ASSETCATALOG_COMPILER_GLOBAL_ACCENT_COLOR_NAME = AccentColor;
				CODE_SIGN_STYLE = Automatic;
				CURRENT_PROJECT_VERSION = 1;
				DEVELOPMENT_ASSET_PATHS = "\"CustomAirbnb/Preview Content\"";
				DEVELOPMENT_TEAM = 4XAMG487KR;
				ENABLE_PREVIEWS = YES;
				GENERATE_INFOPLIST_FILE = YES;
				INFOPLIST_KEY_UIApplicationSceneManifest_Generation = YES;
				INFOPLIST_KEY_UIApplicationSupportsIndirectInputEvents = YES;
				INFOPLIST_KEY_UILaunchScreen_Generation = YES;
				INFOPLIST_KEY_UISupportedInterfaceOrientations = UIInterfaceOrientationPortrait;
				INFOPLIST_KEY_UISupportedInterfaceOrientations_iPad = "UIInterfaceOrientationPortrait UIInterfaceOrientationPortraitUpsideDown";
				LD_RUNPATH_SEARCH_PATHS = (
					"$(inherited)",
					"@executable_path/Frameworks",
				);
				MARKETING_VERSION = 1.0;
				PRODUCT_BUNDLE_IDENTIFIER = com.quarantasis.CustomAirbnb;
				PRODUCT_NAME = "$(TARGET_NAME)";
				SWIFT_EMIT_LOC_STRINGS = YES;
				SWIFT_VERSION = 5.0;
				TARGETED_DEVICE_FAMILY = "1,2";
			};
			name = Debug;
		};
		344DC5242B277D6400481B0E /* Release */ = {
			isa = XCBuildConfiguration;
			buildSettings = {
				ASSETCATALOG_COMPILER_APPICON_NAME = AppIcon;
				ASSETCATALOG_COMPILER_GLOBAL_ACCENT_COLOR_NAME = AccentColor;
				CODE_SIGN_STYLE = Automatic;
				CURRENT_PROJECT_VERSION = 1;
				DEVELOPMENT_ASSET_PATHS = "\"CustomAirbnb/Preview Content\"";
				DEVELOPMENT_TEAM = 4XAMG487KR;
				ENABLE_PREVIEWS = YES;
				GENERATE_INFOPLIST_FILE = YES;
				INFOPLIST_KEY_UIApplicationSceneManifest_Generation = YES;
				INFOPLIST_KEY_UIApplicationSupportsIndirectInputEvents = YES;
				INFOPLIST_KEY_UILaunchScreen_Generation = YES;
				INFOPLIST_KEY_UISupportedInterfaceOrientations = UIInterfaceOrientationPortrait;
				INFOPLIST_KEY_UISupportedInterfaceOrientations_iPad = "UIInterfaceOrientationPortrait UIInterfaceOrientationPortraitUpsideDown";
				LD_RUNPATH_SEARCH_PATHS = (
					"$(inherited)",
					"@executable_path/Frameworks",
				);
				MARKETING_VERSION = 1.0;
				PRODUCT_BUNDLE_IDENTIFIER = com.quarantasis.CustomAirbnb;
				PRODUCT_NAME = "$(TARGET_NAME)";
				SWIFT_EMIT_LOC_STRINGS = YES;
				SWIFT_VERSION = 5.0;
				TARGETED_DEVICE_FAMILY = "1,2";
			};
			name = Release;
		};
/* End XCBuildConfiguration section */

/* Begin XCConfigurationList section */
		344DC50F2B277D6100481B0E /* Build configuration list for PBXProject "CustomAirbnb" */ = {
			isa = XCConfigurationList;
			buildConfigurations = (
				344DC5202B277D6400481B0E /* Debug */,
				344DC5212B277D6400481B0E /* Release */,
			);
			defaultConfigurationIsVisible = 0;
			defaultConfigurationName = Release;
		};
		344DC5222B277D6400481B0E /* Build configuration list for PBXNativeTarget "CustomAirbnb" */ = {
			isa = XCConfigurationList;
			buildConfigurations = (
				344DC5232B277D6400481B0E /* Debug */,
				344DC5242B277D6400481B0E /* Release */,
			);
			defaultConfigurationIsVisible = 0;
			defaultConfigurationName = Release;
		};
/* End XCConfigurationList section */

/* Begin XCVersionGroup section */
		34B661F22B4C6D11006ABA26 /* FavoritesContainer.xcdatamodeld */ = {
			isa = XCVersionGroup;
			children = (
				34B661F32B4C6D11006ABA26 /* FavoritesContainer.xcdatamodel */,
			);
			currentVersion = 34B661F32B4C6D11006ABA26 /* FavoritesContainer.xcdatamodel */;
			path = FavoritesContainer.xcdatamodeld;
			sourceTree = "<group>";
			versionGroupType = wrapper.xcdatamodel;
		};
/* End XCVersionGroup section */
	};
	rootObject = 344DC50C2B277D6100481B0E /* Project object */;
}
